
Microsoft Visual Studio Solution File, Format Version 12.00
# Visual Studio Version 17
VisualStudioVersion = 17.5.33516.290
MinimumVisualStudioVersion = 10.0.40219.1
Project("{FAE04EC0-301F-11D3-BF4B-00C04F79EFBC}") = "AccessorOperation", "ConsoleApp3\AccessorOperation.csproj", "{FF8957F5-D8FA-48E8-8838-6E7520C62835}"
EndProject
Project("{FAE04EC0-301F-11D3-BF4B-00C04F79EFBC}") = "LinqOperation", "ConsoleApp1\LinqOperation.csproj", "{16DCE9CF-16E5-45AC-97F2-31CAA9AE2548}"
EndProject
Project("{FAE04EC0-301F-11D3-BF4B-00C04F79EFBC}") = "ForeachOnLinq", "..\ConsoleApp4\ForeachOnLinq.csproj", "{6872FDD0-CBAF-4A75-B532-DF5050242CA1}"
EndProject
Project("{FAE04EC0-301F-11D3-BF4B-00C04F79EFBC}") = "static", "delegate\static.csproj", "{D1FDA916-08AA-40D8-A911-976FBBC31D68}"
EndProject
Project("{FAE04EC0-301F-11D3-BF4B-00C04F79EFBC}") = "DelegateOperation", "DelegateOperation\DelegateOperation.csproj", "{112F4BEF-5175-4EBF-AC76-4F0AC44084B5}"
EndProject
Project("{FAE04EC0-301F-11D3-BF4B-00C04F79EFBC}") = "DelegateTestAnnotation", "DelegateTestAnnotation\DelegateTestAnnotation.csproj", "{3E319B9F-64EC-4BCA-96C6-6A75FFAC56E9}"
EndProject
Project("{FAE04EC0-301F-11D3-BF4B-00C04F79EFBC}") = "genericList", "genericList\genericList.csproj", "{A4CDD549-67E9-4E85-B99C-A719775A7815}"
EndProject
Project("{FAE04EC0-301F-11D3-BF4B-00C04F79EFBC}") = "ThisExperssion", "ThisExperssion\ThisExperssion.csproj", "{4306EE5E-9659-4695-B9E7-6D3F7FE16454}"
EndProject
Project("{FAE04EC0-301F-11D3-BF4B-00C04F79EFBC}") = "Abstraction", "Abstraction\Abstraction.csproj", "{08FA1807-DCDF-433D-827F-08F740F1F206}"
EndProject
Project("{FAE04EC0-301F-11D3-BF4B-00C04F79EFBC}") = "IEnumerableGetEnumerator", "IEnumerableGetEnumerator\IEnumerableGetEnumerator.csproj", "{2F58EAAF-2AA8-4E2E-B796-6D750474C607}"
EndProject
Project("{FAE04EC0-301F-11D3-BF4B-00C04F79EFBC}") = "SerializationB", "SerializationB\SerializationB.csproj", "{DEFD63A6-1DBE-4661-8EE9-88A3044C265D}"
EndProject
Project("{FAE04EC0-301F-11D3-BF4B-00C04F79EFBC}") = "TypeTest", "TypeTest\TypeTest.csproj", "{05084758-1A92-4F41-A07F-848CA79258E9}"
EndProject
Project("{FAE04EC0-301F-11D3-BF4B-00C04F79EFBC}") = "Nullable", "Nullable\Nullable.csproj", "{FCA2184A-B33D-452F-9C80-C85DEE94DA30}"
EndProject
Project("{FAE04EC0-301F-11D3-BF4B-00C04F79EFBC}") = "InterfaceImplementation", "VehicleInfo\InterfaceImplementation.csproj", "{96AF00C1-425F-4702-8B98-75ACF339C2B4}"
EndProject
Project("{FAE04EC0-301F-11D3-BF4B-00C04F79EFBC}") = "NewOperator", "NewOperator\NewOperator.csproj", "{2C8BE525-106D-4DA6-B743-D6A02CB899EB}"
EndProject
Project("{FAE04EC0-301F-11D3-BF4B-00C04F79EFBC}") = "ExtentsionMethod", "ExtentsionMethod\ExtentsionMethod.csproj", "{71519975-F5E3-4013-9AE9-83FD4BE6313A}"
EndProject
Project("{FAE04EC0-301F-11D3-BF4B-00C04F79EFBC}") = "SerializationBasic", "SerializationBasic\SerializationBasic.csproj", "{F8A67402-79D5-4282-87F5-F15DE3173042}"
EndProject
Project("{FAE04EC0-301F-11D3-BF4B-00C04F79EFBC}") = "Indexer", "Indexer\Indexer.csproj", "{5B866D2C-CA65-4458-9511-D7F1D5F5D1A2}"
EndProject
Project("{FAE04EC0-301F-11D3-BF4B-00C04F79EFBC}") = "Test", "Test\Test.csproj", "{0AAB013B-8889-4D99-9D91-8F9CF8A3EDB3}"
EndProject
Project("{FAE04EC0-301F-11D3-BF4B-00C04F79EFBC}") = "JasonSerialize", "JasonSerialize\JasonSerialize.csproj", "{EFCF28F9-19CF-4F87-B7B2-96F50B1EAD5D}"
EndProject
Project("{FAE04EC0-301F-11D3-BF4B-00C04F79EFBC}") = "DictionaryContain", "DictionaryContain\DictionaryContain.csproj", "{E66AF4C6-4A21-450E-8BB0-5AC0C8AA775C}"
EndProject
Project("{FAE04EC0-301F-11D3-BF4B-00C04F79EFBC}") = "PointTest", "PointTest\PointTest.csproj", "{4E360FB0-43FB-4AB0-835E-1E9D9C0537FD}"
EndProject
Project("{FAE04EC0-301F-11D3-BF4B-00C04F79EFBC}") = "BookTest", "BookTest\BookTest.csproj", "{53D4A6CA-95C0-4F84-A847-BE5729F52A49}"
EndProject
Project("{FAE04EC0-301F-11D3-BF4B-00C04F79EFBC}") = "CastecExtension", "CastecExtension\CastecExtension.csproj", "{1DEC6430-1269-4FE9-A871-2F28E6A40B85}"
EndProject
Project("{FAE04EC0-301F-11D3-BF4B-00C04F79EFBC}") = "EventTest", "EventTest\EventTest.csproj", "{A4A6C3F6-4504-4F56-A2C2-7B74B3B357A1}"
EndProject
Project("{FAE04EC0-301F-11D3-BF4B-00C04F79EFBC}") = "EventVt", "EventVt\EventVt.csproj", "{AC4B05B1-B2F1-4BD7-A786-4AD4AD0691A3}"
EndProject
Project("{FAE04EC0-301F-11D3-BF4B-00C04F79EFBC}") = "ICommunicatorPratice", "ICommunicatorPratice\ICommunicatorPratice.csproj", "{0E342728-5CDF-47C1-85CE-F5465CAD64CE}"
EndProject
Project("{FAE04EC0-301F-11D3-BF4B-00C04F79EFBC}") = "EventProperty", "EventProperty\EventProperty.csproj", "{A142D2C2-2F1B-49EE-BE1C-477B81BEA8DA}"
EndProject
Project("{FAE04EC0-301F-11D3-BF4B-00C04F79EFBC}") = "SocketSDemo", "SocketSDemo\SocketSDemo.csproj", "{C5859EF2-702E-4B1C-A92C-5DB3CFD184E2}"
EndProject
Project("{FAE04EC0-301F-11D3-BF4B-00C04F79EFBC}") = "SynchronousClient", "SynchronousClient\SynchronousClient.csproj", "{BD9875E2-D249-49F8-8D11-F4D6339008DE}"
EndProject
Project("{FAE04EC0-301F-11D3-BF4B-00C04F79EFBC}") = "TcpEchoClient", "TcpEchoClient\TcpEchoClient.csproj", "{568841D4-393B-4255-A575-E708478A254E}"
EndProject
Project("{FAE04EC0-301F-11D3-BF4B-00C04F79EFBC}") = "TcpEchoServer", "TcpEchoServer\TcpEchoServer.csproj", "{2F62E363-3952-4E37-A27D-E088CDE16B38}"
EndProject
Project("{FAE04EC0-301F-11D3-BF4B-00C04F79EFBC}") = "CanInterfaceActAsType", "CanInterfaceActAsType\CanInterfaceActAsType.csproj", "{A83F2DDE-29C6-4238-96C2-94A7162DDB8C}"
EndProject
Project("{FAE04EC0-301F-11D3-BF4B-00C04F79EFBC}") = "RefKeyword", "RefKeyword\RefKeyword.csproj", "{247F50DC-F490-49B4-B8F2-1CA1F3A010E5}"
EndProject
Project("{FAE04EC0-301F-11D3-BF4B-00C04F79EFBC}") = "CovarienceTest", "CovarienceTest\CovarienceTest.csproj", "{4616980D-188F-4B37-A31E-434C9609AAEB}"
EndProject
Project("{FAE04EC0-301F-11D3-BF4B-00C04F79EFBC}") = "OutKeyword", "OutKeyword\OutKeyword.csproj", "{CD68C6E7-B616-4BED-8F78-BBE31469EDF1}"
EndProject
Project("{FAE04EC0-301F-11D3-BF4B-00C04F79EFBC}") = "OutCovarience", "OutCovarience\OutCovarience.csproj", "{62CC4644-9934-4644-815B-807063769A2B}"
EndProject
Project("{FAE04EC0-301F-11D3-BF4B-00C04F79EFBC}") = "Undo", "Undo\Undo.csproj", "{8E2FD113-36D8-416A-BD99-119CE6241773}"
EndProject
Project("{8BC9CEB8-8B4A-11D0-8D11-00A0C91BC942}") = "queue", "..\ConsoleApp1\queue\queue.vcxproj", "{7BAAE4A2-5201-4A52-A9E9-666821B3F74A}"
EndProject
Project("{FAE04EC0-301F-11D3-BF4B-00C04F79EFBC}") = "IDisposable1", "IDisposable1\IDisposable1.csproj", "{DEF70AEB-0E44-4F6B-94F5-DE077E22109C}"
EndProject
Project("{FAE04EC0-301F-11D3-BF4B-00C04F79EFBC}") = "TestAny", "TestAny\TestAny.csproj", "{E22365CF-DBC4-41C3-A1F4-D33AC06DFA80}"
EndProject
Project("{FAE04EC0-301F-11D3-BF4B-00C04F79EFBC}") = "ImplementingMutiparameterConstructor", "ImplementingMutiparameterConstructor\ImplementingMutiparameterConstructor.csproj", "{4BA3D900-EA1A-409E-ADF4-A096C3B9E31A}"
EndProject
Project("{FAE04EC0-301F-11D3-BF4B-00C04F79EFBC}") = "OrderBy", "OrderBy\OrderBy.csproj", "{1DAFB825-9D74-477F-BD68-35443B70FCBF}"
EndProject
Project("{FAE04EC0-301F-11D3-BF4B-00C04F79EFBC}") = "ApplicationExceptionTest", "ApplicationExceptionTest\ApplicationExceptionTest.csproj", "{AB214D42-0B0E-4B05-8D2E-936EE71C7FC6}"
EndProject
Project("{FAE04EC0-301F-11D3-BF4B-00C04F79EFBC}") = "SelectMethod", "SelectMethod\SelectMethod.csproj", "{E3725C4E-9060-4483-9413-1A642CF24286}"
EndProject
Project("{FAE04EC0-301F-11D3-BF4B-00C04F79EFBC}") = "TryParse", "TryParse\TryParse.csproj", "{DBE75DED-A145-4EEE-9EB2-2C81301F680D}"
EndProject
Project("{FAE04EC0-301F-11D3-BF4B-00C04F79EFBC}") = "DictionaryTest", "DictionaryTest\DictionaryTest.csproj", "{E657D8D1-5338-4E60-9B44-659708CCF657}"
EndProject
Project("{FAE04EC0-301F-11D3-BF4B-00C04F79EFBC}") = "delegateTest", "delegateTest\delegateTest.csproj", "{464F2A64-A905-4DA4-AB41-93BA17EC569A}"
EndProject
Project("{FAE04EC0-301F-11D3-BF4B-00C04F79EFBC}") = "test3", "test3\test3.csproj", "{2401B85F-6851-4B10-867C-9A464D949391}"
EndProject
Project("{FAE04EC0-301F-11D3-BF4B-00C04F79EFBC}") = "InvokeNecessary", "InvokeNecessary\InvokeNecessary.csproj", "{D737235F-9AD1-4B8E-AE9A-7F5CC7DC645C}"
EndProject
Project("{FAE04EC0-301F-11D3-BF4B-00C04F79EFBC}") = "continuateWith", "continuateWith\continuateWith.csproj", "{F45ED788-982A-4094-A6D3-2B11B441AA6A}"
EndProject
Project("{FAE04EC0-301F-11D3-BF4B-00C04F79EFBC}") = "antecedentTask", "antecedentTask\antecedentTask.csproj", "{3C157109-A61C-4B79-A866-04C638FE661B}"
EndProject
Project("{FAE04EC0-301F-11D3-BF4B-00C04F79EFBC}") = "Handling_a_Unhandled_Exception", "Handling_a_Unhandled_Exception\Handling_a_Unhandled_Exception.csproj", "{4A8CE66A-50FB-4C7E-9C7D-0A1F1B2BFA43}"
EndProject
Project("{FAE04EC0-301F-11D3-BF4B-00C04F79EFBC}") = "Observing_Unhandled_Exceptions_Using_ContinueWith", "Observing_Unhandled_Exceptions_Using_ContinueWith\Observing_Unhandled_Exceptions_Using_ContinueWith.csproj", "{51045CD0-9B18-4F45-855E-0CAF435E727B}"
EndProject
Project("{FAE04EC0-301F-11D3-BF4B-00C04F79EFBC}") = "Registering_for_Unhandled_Exceptions", "Registering_for_Unhandled_Exceptions\Registering_for_Unhandled_Exceptions.csproj", "{94DCF46E-1AC1-4996-A5E5-D5591BA700DC}"
EndProject
Project("{FAE04EC0-301F-11D3-BF4B-00C04F79EFBC}") = "Canceling_Task_Using_CancellationToken", "Canceling_Task_Using_CancellationToken\Canceling_Task_Using_CancellationToken.csproj", "{C9E802F8-E613-43B1-8F16-0A41400EF2C9}"
EndProject
Global
	GlobalSection(SolutionConfigurationPlatforms) = preSolution
		Debug|Any CPU = Debug|Any CPU
		Debug|x64 = Debug|x64
		Debug|x86 = Debug|x86
		Release|Any CPU = Release|Any CPU
		Release|x64 = Release|x64
		Release|x86 = Release|x86
	EndGlobalSection
	GlobalSection(ProjectConfigurationPlatforms) = postSolution
		{FF8957F5-D8FA-48E8-8838-6E7520C62835}.Debug|Any CPU.ActiveCfg = Debug|Any CPU
		{FF8957F5-D8FA-48E8-8838-6E7520C62835}.Debug|Any CPU.Build.0 = Debug|Any CPU
		{FF8957F5-D8FA-48E8-8838-6E7520C62835}.Debug|x64.ActiveCfg = Debug|Any CPU
		{FF8957F5-D8FA-48E8-8838-6E7520C62835}.Debug|x64.Build.0 = Debug|Any CPU
		{FF8957F5-D8FA-48E8-8838-6E7520C62835}.Debug|x86.ActiveCfg = Debug|Any CPU
		{FF8957F5-D8FA-48E8-8838-6E7520C62835}.Debug|x86.Build.0 = Debug|Any CPU
		{FF8957F5-D8FA-48E8-8838-6E7520C62835}.Release|Any CPU.ActiveCfg = Release|Any CPU
		{FF8957F5-D8FA-48E8-8838-6E7520C62835}.Release|Any CPU.Build.0 = Release|Any CPU
		{FF8957F5-D8FA-48E8-8838-6E7520C62835}.Release|x64.ActiveCfg = Release|Any CPU
		{FF8957F5-D8FA-48E8-8838-6E7520C62835}.Release|x64.Build.0 = Release|Any CPU
		{FF8957F5-D8FA-48E8-8838-6E7520C62835}.Release|x86.ActiveCfg = Release|Any CPU
		{FF8957F5-D8FA-48E8-8838-6E7520C62835}.Release|x86.Build.0 = Release|Any CPU
		{16DCE9CF-16E5-45AC-97F2-31CAA9AE2548}.Debug|Any CPU.ActiveCfg = Debug|Any CPU
		{16DCE9CF-16E5-45AC-97F2-31CAA9AE2548}.Debug|Any CPU.Build.0 = Debug|Any CPU
		{16DCE9CF-16E5-45AC-97F2-31CAA9AE2548}.Debug|x64.ActiveCfg = Debug|Any CPU
		{16DCE9CF-16E5-45AC-97F2-31CAA9AE2548}.Debug|x64.Build.0 = Debug|Any CPU
		{16DCE9CF-16E5-45AC-97F2-31CAA9AE2548}.Debug|x86.ActiveCfg = Debug|Any CPU
		{16DCE9CF-16E5-45AC-97F2-31CAA9AE2548}.Debug|x86.Build.0 = Debug|Any CPU
		{16DCE9CF-16E5-45AC-97F2-31CAA9AE2548}.Release|Any CPU.ActiveCfg = Release|Any CPU
		{16DCE9CF-16E5-45AC-97F2-31CAA9AE2548}.Release|Any CPU.Build.0 = Release|Any CPU
		{16DCE9CF-16E5-45AC-97F2-31CAA9AE2548}.Release|x64.ActiveCfg = Release|Any CPU
		{16DCE9CF-16E5-45AC-97F2-31CAA9AE2548}.Release|x64.Build.0 = Release|Any CPU
		{16DCE9CF-16E5-45AC-97F2-31CAA9AE2548}.Release|x86.ActiveCfg = Release|Any CPU
		{16DCE9CF-16E5-45AC-97F2-31CAA9AE2548}.Release|x86.Build.0 = Release|Any CPU
		{6872FDD0-CBAF-4A75-B532-DF5050242CA1}.Debug|Any CPU.ActiveCfg = Debug|Any CPU
		{6872FDD0-CBAF-4A75-B532-DF5050242CA1}.Debug|Any CPU.Build.0 = Debug|Any CPU
		{6872FDD0-CBAF-4A75-B532-DF5050242CA1}.Debug|x64.ActiveCfg = Debug|Any CPU
		{6872FDD0-CBAF-4A75-B532-DF5050242CA1}.Debug|x64.Build.0 = Debug|Any CPU
		{6872FDD0-CBAF-4A75-B532-DF5050242CA1}.Debug|x86.ActiveCfg = Debug|Any CPU
		{6872FDD0-CBAF-4A75-B532-DF5050242CA1}.Debug|x86.Build.0 = Debug|Any CPU
		{6872FDD0-CBAF-4A75-B532-DF5050242CA1}.Release|Any CPU.ActiveCfg = Release|Any CPU
		{6872FDD0-CBAF-4A75-B532-DF5050242CA1}.Release|Any CPU.Build.0 = Release|Any CPU
		{6872FDD0-CBAF-4A75-B532-DF5050242CA1}.Release|x64.ActiveCfg = Release|Any CPU
		{6872FDD0-CBAF-4A75-B532-DF5050242CA1}.Release|x64.Build.0 = Release|Any CPU
		{6872FDD0-CBAF-4A75-B532-DF5050242CA1}.Release|x86.ActiveCfg = Release|Any CPU
		{6872FDD0-CBAF-4A75-B532-DF5050242CA1}.Release|x86.Build.0 = Release|Any CPU
		{D1FDA916-08AA-40D8-A911-976FBBC31D68}.Debug|Any CPU.ActiveCfg = Debug|Any CPU
		{D1FDA916-08AA-40D8-A911-976FBBC31D68}.Debug|Any CPU.Build.0 = Debug|Any CPU
		{D1FDA916-08AA-40D8-A911-976FBBC31D68}.Debug|x64.ActiveCfg = Debug|Any CPU
		{D1FDA916-08AA-40D8-A911-976FBBC31D68}.Debug|x64.Build.0 = Debug|Any CPU
		{D1FDA916-08AA-40D8-A911-976FBBC31D68}.Debug|x86.ActiveCfg = Debug|Any CPU
		{D1FDA916-08AA-40D8-A911-976FBBC31D68}.Debug|x86.Build.0 = Debug|Any CPU
		{D1FDA916-08AA-40D8-A911-976FBBC31D68}.Release|Any CPU.ActiveCfg = Release|Any CPU
		{D1FDA916-08AA-40D8-A911-976FBBC31D68}.Release|Any CPU.Build.0 = Release|Any CPU
		{D1FDA916-08AA-40D8-A911-976FBBC31D68}.Release|x64.ActiveCfg = Release|Any CPU
		{D1FDA916-08AA-40D8-A911-976FBBC31D68}.Release|x64.Build.0 = Release|Any CPU
		{D1FDA916-08AA-40D8-A911-976FBBC31D68}.Release|x86.ActiveCfg = Release|Any CPU
		{D1FDA916-08AA-40D8-A911-976FBBC31D68}.Release|x86.Build.0 = Release|Any CPU
		{112F4BEF-5175-4EBF-AC76-4F0AC44084B5}.Debug|Any CPU.ActiveCfg = Debug|Any CPU
		{112F4BEF-5175-4EBF-AC76-4F0AC44084B5}.Debug|Any CPU.Build.0 = Debug|Any CPU
		{112F4BEF-5175-4EBF-AC76-4F0AC44084B5}.Debug|x64.ActiveCfg = Debug|Any CPU
		{112F4BEF-5175-4EBF-AC76-4F0AC44084B5}.Debug|x64.Build.0 = Debug|Any CPU
		{112F4BEF-5175-4EBF-AC76-4F0AC44084B5}.Debug|x86.ActiveCfg = Debug|Any CPU
		{112F4BEF-5175-4EBF-AC76-4F0AC44084B5}.Debug|x86.Build.0 = Debug|Any CPU
		{112F4BEF-5175-4EBF-AC76-4F0AC44084B5}.Release|Any CPU.ActiveCfg = Release|Any CPU
		{112F4BEF-5175-4EBF-AC76-4F0AC44084B5}.Release|Any CPU.Build.0 = Release|Any CPU
		{112F4BEF-5175-4EBF-AC76-4F0AC44084B5}.Release|x64.ActiveCfg = Release|Any CPU
		{112F4BEF-5175-4EBF-AC76-4F0AC44084B5}.Release|x64.Build.0 = Release|Any CPU
		{112F4BEF-5175-4EBF-AC76-4F0AC44084B5}.Release|x86.ActiveCfg = Release|Any CPU
		{112F4BEF-5175-4EBF-AC76-4F0AC44084B5}.Release|x86.Build.0 = Release|Any CPU
		{3E319B9F-64EC-4BCA-96C6-6A75FFAC56E9}.Debug|Any CPU.ActiveCfg = Debug|Any CPU
		{3E319B9F-64EC-4BCA-96C6-6A75FFAC56E9}.Debug|Any CPU.Build.0 = Debug|Any CPU
		{3E319B9F-64EC-4BCA-96C6-6A75FFAC56E9}.Debug|x64.ActiveCfg = Debug|Any CPU
		{3E319B9F-64EC-4BCA-96C6-6A75FFAC56E9}.Debug|x64.Build.0 = Debug|Any CPU
		{3E319B9F-64EC-4BCA-96C6-6A75FFAC56E9}.Debug|x86.ActiveCfg = Debug|Any CPU
		{3E319B9F-64EC-4BCA-96C6-6A75FFAC56E9}.Debug|x86.Build.0 = Debug|Any CPU
		{3E319B9F-64EC-4BCA-96C6-6A75FFAC56E9}.Release|Any CPU.ActiveCfg = Release|Any CPU
		{3E319B9F-64EC-4BCA-96C6-6A75FFAC56E9}.Release|Any CPU.Build.0 = Release|Any CPU
		{3E319B9F-64EC-4BCA-96C6-6A75FFAC56E9}.Release|x64.ActiveCfg = Release|Any CPU
		{3E319B9F-64EC-4BCA-96C6-6A75FFAC56E9}.Release|x64.Build.0 = Release|Any CPU
		{3E319B9F-64EC-4BCA-96C6-6A75FFAC56E9}.Release|x86.ActiveCfg = Release|Any CPU
		{3E319B9F-64EC-4BCA-96C6-6A75FFAC56E9}.Release|x86.Build.0 = Release|Any CPU
		{A4CDD549-67E9-4E85-B99C-A719775A7815}.Debug|Any CPU.ActiveCfg = Debug|Any CPU
		{A4CDD549-67E9-4E85-B99C-A719775A7815}.Debug|Any CPU.Build.0 = Debug|Any CPU
		{A4CDD549-67E9-4E85-B99C-A719775A7815}.Debug|x64.ActiveCfg = Debug|Any CPU
		{A4CDD549-67E9-4E85-B99C-A719775A7815}.Debug|x64.Build.0 = Debug|Any CPU
		{A4CDD549-67E9-4E85-B99C-A719775A7815}.Debug|x86.ActiveCfg = Debug|Any CPU
		{A4CDD549-67E9-4E85-B99C-A719775A7815}.Debug|x86.Build.0 = Debug|Any CPU
		{A4CDD549-67E9-4E85-B99C-A719775A7815}.Release|Any CPU.ActiveCfg = Release|Any CPU
		{A4CDD549-67E9-4E85-B99C-A719775A7815}.Release|Any CPU.Build.0 = Release|Any CPU
		{A4CDD549-67E9-4E85-B99C-A719775A7815}.Release|x64.ActiveCfg = Release|Any CPU
		{A4CDD549-67E9-4E85-B99C-A719775A7815}.Release|x64.Build.0 = Release|Any CPU
		{A4CDD549-67E9-4E85-B99C-A719775A7815}.Release|x86.ActiveCfg = Release|Any CPU
		{A4CDD549-67E9-4E85-B99C-A719775A7815}.Release|x86.Build.0 = Release|Any CPU
		{4306EE5E-9659-4695-B9E7-6D3F7FE16454}.Debug|Any CPU.ActiveCfg = Debug|Any CPU
		{4306EE5E-9659-4695-B9E7-6D3F7FE16454}.Debug|Any CPU.Build.0 = Debug|Any CPU
		{4306EE5E-9659-4695-B9E7-6D3F7FE16454}.Debug|x64.ActiveCfg = Debug|Any CPU
		{4306EE5E-9659-4695-B9E7-6D3F7FE16454}.Debug|x64.Build.0 = Debug|Any CPU
		{4306EE5E-9659-4695-B9E7-6D3F7FE16454}.Debug|x86.ActiveCfg = Debug|Any CPU
		{4306EE5E-9659-4695-B9E7-6D3F7FE16454}.Debug|x86.Build.0 = Debug|Any CPU
		{4306EE5E-9659-4695-B9E7-6D3F7FE16454}.Release|Any CPU.ActiveCfg = Release|Any CPU
		{4306EE5E-9659-4695-B9E7-6D3F7FE16454}.Release|Any CPU.Build.0 = Release|Any CPU
		{4306EE5E-9659-4695-B9E7-6D3F7FE16454}.Release|x64.ActiveCfg = Release|Any CPU
		{4306EE5E-9659-4695-B9E7-6D3F7FE16454}.Release|x64.Build.0 = Release|Any CPU
		{4306EE5E-9659-4695-B9E7-6D3F7FE16454}.Release|x86.ActiveCfg = Release|Any CPU
		{4306EE5E-9659-4695-B9E7-6D3F7FE16454}.Release|x86.Build.0 = Release|Any CPU
		{08FA1807-DCDF-433D-827F-08F740F1F206}.Debug|Any CPU.ActiveCfg = Debug|Any CPU
		{08FA1807-DCDF-433D-827F-08F740F1F206}.Debug|Any CPU.Build.0 = Debug|Any CPU
		{08FA1807-DCDF-433D-827F-08F740F1F206}.Debug|x64.ActiveCfg = Debug|Any CPU
		{08FA1807-DCDF-433D-827F-08F740F1F206}.Debug|x64.Build.0 = Debug|Any CPU
		{08FA1807-DCDF-433D-827F-08F740F1F206}.Debug|x86.ActiveCfg = Debug|Any CPU
		{08FA1807-DCDF-433D-827F-08F740F1F206}.Debug|x86.Build.0 = Debug|Any CPU
		{08FA1807-DCDF-433D-827F-08F740F1F206}.Release|Any CPU.ActiveCfg = Release|Any CPU
		{08FA1807-DCDF-433D-827F-08F740F1F206}.Release|Any CPU.Build.0 = Release|Any CPU
		{08FA1807-DCDF-433D-827F-08F740F1F206}.Release|x64.ActiveCfg = Release|Any CPU
		{08FA1807-DCDF-433D-827F-08F740F1F206}.Release|x64.Build.0 = Release|Any CPU
		{08FA1807-DCDF-433D-827F-08F740F1F206}.Release|x86.ActiveCfg = Release|Any CPU
		{08FA1807-DCDF-433D-827F-08F740F1F206}.Release|x86.Build.0 = Release|Any CPU
		{2F58EAAF-2AA8-4E2E-B796-6D750474C607}.Debug|Any CPU.ActiveCfg = Debug|Any CPU
		{2F58EAAF-2AA8-4E2E-B796-6D750474C607}.Debug|Any CPU.Build.0 = Debug|Any CPU
		{2F58EAAF-2AA8-4E2E-B796-6D750474C607}.Debug|x64.ActiveCfg = Debug|Any CPU
		{2F58EAAF-2AA8-4E2E-B796-6D750474C607}.Debug|x64.Build.0 = Debug|Any CPU
		{2F58EAAF-2AA8-4E2E-B796-6D750474C607}.Debug|x86.ActiveCfg = Debug|Any CPU
		{2F58EAAF-2AA8-4E2E-B796-6D750474C607}.Debug|x86.Build.0 = Debug|Any CPU
		{2F58EAAF-2AA8-4E2E-B796-6D750474C607}.Release|Any CPU.ActiveCfg = Release|Any CPU
		{2F58EAAF-2AA8-4E2E-B796-6D750474C607}.Release|Any CPU.Build.0 = Release|Any CPU
		{2F58EAAF-2AA8-4E2E-B796-6D750474C607}.Release|x64.ActiveCfg = Release|Any CPU
		{2F58EAAF-2AA8-4E2E-B796-6D750474C607}.Release|x64.Build.0 = Release|Any CPU
		{2F58EAAF-2AA8-4E2E-B796-6D750474C607}.Release|x86.ActiveCfg = Release|Any CPU
		{2F58EAAF-2AA8-4E2E-B796-6D750474C607}.Release|x86.Build.0 = Release|Any CPU
		{DEFD63A6-1DBE-4661-8EE9-88A3044C265D}.Debug|Any CPU.ActiveCfg = Debug|Any CPU
		{DEFD63A6-1DBE-4661-8EE9-88A3044C265D}.Debug|Any CPU.Build.0 = Debug|Any CPU
		{DEFD63A6-1DBE-4661-8EE9-88A3044C265D}.Debug|x64.ActiveCfg = Debug|Any CPU
		{DEFD63A6-1DBE-4661-8EE9-88A3044C265D}.Debug|x64.Build.0 = Debug|Any CPU
		{DEFD63A6-1DBE-4661-8EE9-88A3044C265D}.Debug|x86.ActiveCfg = Debug|Any CPU
		{DEFD63A6-1DBE-4661-8EE9-88A3044C265D}.Debug|x86.Build.0 = Debug|Any CPU
		{DEFD63A6-1DBE-4661-8EE9-88A3044C265D}.Release|Any CPU.ActiveCfg = Release|Any CPU
		{DEFD63A6-1DBE-4661-8EE9-88A3044C265D}.Release|Any CPU.Build.0 = Release|Any CPU
		{DEFD63A6-1DBE-4661-8EE9-88A3044C265D}.Release|x64.ActiveCfg = Release|Any CPU
		{DEFD63A6-1DBE-4661-8EE9-88A3044C265D}.Release|x64.Build.0 = Release|Any CPU
		{DEFD63A6-1DBE-4661-8EE9-88A3044C265D}.Release|x86.ActiveCfg = Release|Any CPU
		{DEFD63A6-1DBE-4661-8EE9-88A3044C265D}.Release|x86.Build.0 = Release|Any CPU
		{05084758-1A92-4F41-A07F-848CA79258E9}.Debug|Any CPU.ActiveCfg = Debug|Any CPU
		{05084758-1A92-4F41-A07F-848CA79258E9}.Debug|Any CPU.Build.0 = Debug|Any CPU
		{05084758-1A92-4F41-A07F-848CA79258E9}.Debug|x64.ActiveCfg = Debug|Any CPU
		{05084758-1A92-4F41-A07F-848CA79258E9}.Debug|x64.Build.0 = Debug|Any CPU
		{05084758-1A92-4F41-A07F-848CA79258E9}.Debug|x86.ActiveCfg = Debug|Any CPU
		{05084758-1A92-4F41-A07F-848CA79258E9}.Debug|x86.Build.0 = Debug|Any CPU
		{05084758-1A92-4F41-A07F-848CA79258E9}.Release|Any CPU.ActiveCfg = Release|Any CPU
		{05084758-1A92-4F41-A07F-848CA79258E9}.Release|Any CPU.Build.0 = Release|Any CPU
		{05084758-1A92-4F41-A07F-848CA79258E9}.Release|x64.ActiveCfg = Release|Any CPU
		{05084758-1A92-4F41-A07F-848CA79258E9}.Release|x64.Build.0 = Release|Any CPU
		{05084758-1A92-4F41-A07F-848CA79258E9}.Release|x86.ActiveCfg = Release|Any CPU
		{05084758-1A92-4F41-A07F-848CA79258E9}.Release|x86.Build.0 = Release|Any CPU
		{FCA2184A-B33D-452F-9C80-C85DEE94DA30}.Debug|Any CPU.ActiveCfg = Debug|Any CPU
		{FCA2184A-B33D-452F-9C80-C85DEE94DA30}.Debug|Any CPU.Build.0 = Debug|Any CPU
		{FCA2184A-B33D-452F-9C80-C85DEE94DA30}.Debug|x64.ActiveCfg = Debug|Any CPU
		{FCA2184A-B33D-452F-9C80-C85DEE94DA30}.Debug|x64.Build.0 = Debug|Any CPU
		{FCA2184A-B33D-452F-9C80-C85DEE94DA30}.Debug|x86.ActiveCfg = Debug|Any CPU
		{FCA2184A-B33D-452F-9C80-C85DEE94DA30}.Debug|x86.Build.0 = Debug|Any CPU
		{FCA2184A-B33D-452F-9C80-C85DEE94DA30}.Release|Any CPU.ActiveCfg = Release|Any CPU
		{FCA2184A-B33D-452F-9C80-C85DEE94DA30}.Release|Any CPU.Build.0 = Release|Any CPU
		{FCA2184A-B33D-452F-9C80-C85DEE94DA30}.Release|x64.ActiveCfg = Release|Any CPU
		{FCA2184A-B33D-452F-9C80-C85DEE94DA30}.Release|x64.Build.0 = Release|Any CPU
		{FCA2184A-B33D-452F-9C80-C85DEE94DA30}.Release|x86.ActiveCfg = Release|Any CPU
		{FCA2184A-B33D-452F-9C80-C85DEE94DA30}.Release|x86.Build.0 = Release|Any CPU
		{96AF00C1-425F-4702-8B98-75ACF339C2B4}.Debug|Any CPU.ActiveCfg = Debug|Any CPU
		{96AF00C1-425F-4702-8B98-75ACF339C2B4}.Debug|Any CPU.Build.0 = Debug|Any CPU
		{96AF00C1-425F-4702-8B98-75ACF339C2B4}.Debug|x64.ActiveCfg = Debug|Any CPU
		{96AF00C1-425F-4702-8B98-75ACF339C2B4}.Debug|x64.Build.0 = Debug|Any CPU
		{96AF00C1-425F-4702-8B98-75ACF339C2B4}.Debug|x86.ActiveCfg = Debug|Any CPU
		{96AF00C1-425F-4702-8B98-75ACF339C2B4}.Debug|x86.Build.0 = Debug|Any CPU
		{96AF00C1-425F-4702-8B98-75ACF339C2B4}.Release|Any CPU.ActiveCfg = Release|Any CPU
		{96AF00C1-425F-4702-8B98-75ACF339C2B4}.Release|Any CPU.Build.0 = Release|Any CPU
		{96AF00C1-425F-4702-8B98-75ACF339C2B4}.Release|x64.ActiveCfg = Release|Any CPU
		{96AF00C1-425F-4702-8B98-75ACF339C2B4}.Release|x64.Build.0 = Release|Any CPU
		{96AF00C1-425F-4702-8B98-75ACF339C2B4}.Release|x86.ActiveCfg = Release|Any CPU
		{96AF00C1-425F-4702-8B98-75ACF339C2B4}.Release|x86.Build.0 = Release|Any CPU
		{2C8BE525-106D-4DA6-B743-D6A02CB899EB}.Debug|Any CPU.ActiveCfg = Debug|Any CPU
		{2C8BE525-106D-4DA6-B743-D6A02CB899EB}.Debug|Any CPU.Build.0 = Debug|Any CPU
		{2C8BE525-106D-4DA6-B743-D6A02CB899EB}.Debug|x64.ActiveCfg = Debug|Any CPU
		{2C8BE525-106D-4DA6-B743-D6A02CB899EB}.Debug|x64.Build.0 = Debug|Any CPU
		{2C8BE525-106D-4DA6-B743-D6A02CB899EB}.Debug|x86.ActiveCfg = Debug|Any CPU
		{2C8BE525-106D-4DA6-B743-D6A02CB899EB}.Debug|x86.Build.0 = Debug|Any CPU
		{2C8BE525-106D-4DA6-B743-D6A02CB899EB}.Release|Any CPU.ActiveCfg = Release|Any CPU
		{2C8BE525-106D-4DA6-B743-D6A02CB899EB}.Release|Any CPU.Build.0 = Release|Any CPU
		{2C8BE525-106D-4DA6-B743-D6A02CB899EB}.Release|x64.ActiveCfg = Release|Any CPU
		{2C8BE525-106D-4DA6-B743-D6A02CB899EB}.Release|x64.Build.0 = Release|Any CPU
		{2C8BE525-106D-4DA6-B743-D6A02CB899EB}.Release|x86.ActiveCfg = Release|Any CPU
		{2C8BE525-106D-4DA6-B743-D6A02CB899EB}.Release|x86.Build.0 = Release|Any CPU
		{71519975-F5E3-4013-9AE9-83FD4BE6313A}.Debug|Any CPU.ActiveCfg = Debug|Any CPU
		{71519975-F5E3-4013-9AE9-83FD4BE6313A}.Debug|Any CPU.Build.0 = Debug|Any CPU
		{71519975-F5E3-4013-9AE9-83FD4BE6313A}.Debug|x64.ActiveCfg = Debug|Any CPU
		{71519975-F5E3-4013-9AE9-83FD4BE6313A}.Debug|x64.Build.0 = Debug|Any CPU
		{71519975-F5E3-4013-9AE9-83FD4BE6313A}.Debug|x86.ActiveCfg = Debug|Any CPU
		{71519975-F5E3-4013-9AE9-83FD4BE6313A}.Debug|x86.Build.0 = Debug|Any CPU
		{71519975-F5E3-4013-9AE9-83FD4BE6313A}.Release|Any CPU.ActiveCfg = Release|Any CPU
		{71519975-F5E3-4013-9AE9-83FD4BE6313A}.Release|Any CPU.Build.0 = Release|Any CPU
		{71519975-F5E3-4013-9AE9-83FD4BE6313A}.Release|x64.ActiveCfg = Release|Any CPU
		{71519975-F5E3-4013-9AE9-83FD4BE6313A}.Release|x64.Build.0 = Release|Any CPU
		{71519975-F5E3-4013-9AE9-83FD4BE6313A}.Release|x86.ActiveCfg = Release|Any CPU
		{71519975-F5E3-4013-9AE9-83FD4BE6313A}.Release|x86.Build.0 = Release|Any CPU
		{F8A67402-79D5-4282-87F5-F15DE3173042}.Debug|Any CPU.ActiveCfg = Debug|Any CPU
		{F8A67402-79D5-4282-87F5-F15DE3173042}.Debug|Any CPU.Build.0 = Debug|Any CPU
		{F8A67402-79D5-4282-87F5-F15DE3173042}.Debug|x64.ActiveCfg = Debug|Any CPU
		{F8A67402-79D5-4282-87F5-F15DE3173042}.Debug|x64.Build.0 = Debug|Any CPU
		{F8A67402-79D5-4282-87F5-F15DE3173042}.Debug|x86.ActiveCfg = Debug|Any CPU
		{F8A67402-79D5-4282-87F5-F15DE3173042}.Debug|x86.Build.0 = Debug|Any CPU
		{F8A67402-79D5-4282-87F5-F15DE3173042}.Release|Any CPU.ActiveCfg = Release|Any CPU
		{F8A67402-79D5-4282-87F5-F15DE3173042}.Release|Any CPU.Build.0 = Release|Any CPU
		{F8A67402-79D5-4282-87F5-F15DE3173042}.Release|x64.ActiveCfg = Release|Any CPU
		{F8A67402-79D5-4282-87F5-F15DE3173042}.Release|x64.Build.0 = Release|Any CPU
		{F8A67402-79D5-4282-87F5-F15DE3173042}.Release|x86.ActiveCfg = Release|Any CPU
		{F8A67402-79D5-4282-87F5-F15DE3173042}.Release|x86.Build.0 = Release|Any CPU
		{5B866D2C-CA65-4458-9511-D7F1D5F5D1A2}.Debug|Any CPU.ActiveCfg = Debug|Any CPU
		{5B866D2C-CA65-4458-9511-D7F1D5F5D1A2}.Debug|Any CPU.Build.0 = Debug|Any CPU
		{5B866D2C-CA65-4458-9511-D7F1D5F5D1A2}.Debug|x64.ActiveCfg = Debug|Any CPU
		{5B866D2C-CA65-4458-9511-D7F1D5F5D1A2}.Debug|x64.Build.0 = Debug|Any CPU
		{5B866D2C-CA65-4458-9511-D7F1D5F5D1A2}.Debug|x86.ActiveCfg = Debug|Any CPU
		{5B866D2C-CA65-4458-9511-D7F1D5F5D1A2}.Debug|x86.Build.0 = Debug|Any CPU
		{5B866D2C-CA65-4458-9511-D7F1D5F5D1A2}.Release|Any CPU.ActiveCfg = Release|Any CPU
		{5B866D2C-CA65-4458-9511-D7F1D5F5D1A2}.Release|Any CPU.Build.0 = Release|Any CPU
		{5B866D2C-CA65-4458-9511-D7F1D5F5D1A2}.Release|x64.ActiveCfg = Release|Any CPU
		{5B866D2C-CA65-4458-9511-D7F1D5F5D1A2}.Release|x64.Build.0 = Release|Any CPU
		{5B866D2C-CA65-4458-9511-D7F1D5F5D1A2}.Release|x86.ActiveCfg = Release|Any CPU
		{5B866D2C-CA65-4458-9511-D7F1D5F5D1A2}.Release|x86.Build.0 = Release|Any CPU
		{0AAB013B-8889-4D99-9D91-8F9CF8A3EDB3}.Debug|Any CPU.ActiveCfg = Debug|Any CPU
		{0AAB013B-8889-4D99-9D91-8F9CF8A3EDB3}.Debug|Any CPU.Build.0 = Debug|Any CPU
		{0AAB013B-8889-4D99-9D91-8F9CF8A3EDB3}.Debug|x64.ActiveCfg = Debug|Any CPU
		{0AAB013B-8889-4D99-9D91-8F9CF8A3EDB3}.Debug|x64.Build.0 = Debug|Any CPU
		{0AAB013B-8889-4D99-9D91-8F9CF8A3EDB3}.Debug|x86.ActiveCfg = Debug|Any CPU
		{0AAB013B-8889-4D99-9D91-8F9CF8A3EDB3}.Debug|x86.Build.0 = Debug|Any CPU
		{0AAB013B-8889-4D99-9D91-8F9CF8A3EDB3}.Release|Any CPU.ActiveCfg = Release|Any CPU
		{0AAB013B-8889-4D99-9D91-8F9CF8A3EDB3}.Release|Any CPU.Build.0 = Release|Any CPU
		{0AAB013B-8889-4D99-9D91-8F9CF8A3EDB3}.Release|x64.ActiveCfg = Release|Any CPU
		{0AAB013B-8889-4D99-9D91-8F9CF8A3EDB3}.Release|x64.Build.0 = Release|Any CPU
		{0AAB013B-8889-4D99-9D91-8F9CF8A3EDB3}.Release|x86.ActiveCfg = Release|Any CPU
		{0AAB013B-8889-4D99-9D91-8F9CF8A3EDB3}.Release|x86.Build.0 = Release|Any CPU
		{EFCF28F9-19CF-4F87-B7B2-96F50B1EAD5D}.Debug|Any CPU.ActiveCfg = Debug|Any CPU
		{EFCF28F9-19CF-4F87-B7B2-96F50B1EAD5D}.Debug|Any CPU.Build.0 = Debug|Any CPU
		{EFCF28F9-19CF-4F87-B7B2-96F50B1EAD5D}.Debug|x64.ActiveCfg = Debug|Any CPU
		{EFCF28F9-19CF-4F87-B7B2-96F50B1EAD5D}.Debug|x64.Build.0 = Debug|Any CPU
		{EFCF28F9-19CF-4F87-B7B2-96F50B1EAD5D}.Debug|x86.ActiveCfg = Debug|Any CPU
		{EFCF28F9-19CF-4F87-B7B2-96F50B1EAD5D}.Debug|x86.Build.0 = Debug|Any CPU
		{EFCF28F9-19CF-4F87-B7B2-96F50B1EAD5D}.Release|Any CPU.ActiveCfg = Release|Any CPU
		{EFCF28F9-19CF-4F87-B7B2-96F50B1EAD5D}.Release|Any CPU.Build.0 = Release|Any CPU
		{EFCF28F9-19CF-4F87-B7B2-96F50B1EAD5D}.Release|x64.ActiveCfg = Release|Any CPU
		{EFCF28F9-19CF-4F87-B7B2-96F50B1EAD5D}.Release|x64.Build.0 = Release|Any CPU
		{EFCF28F9-19CF-4F87-B7B2-96F50B1EAD5D}.Release|x86.ActiveCfg = Release|Any CPU
		{EFCF28F9-19CF-4F87-B7B2-96F50B1EAD5D}.Release|x86.Build.0 = Release|Any CPU
		{E66AF4C6-4A21-450E-8BB0-5AC0C8AA775C}.Debug|Any CPU.ActiveCfg = Debug|Any CPU
		{E66AF4C6-4A21-450E-8BB0-5AC0C8AA775C}.Debug|Any CPU.Build.0 = Debug|Any CPU
		{E66AF4C6-4A21-450E-8BB0-5AC0C8AA775C}.Debug|x64.ActiveCfg = Debug|Any CPU
		{E66AF4C6-4A21-450E-8BB0-5AC0C8AA775C}.Debug|x64.Build.0 = Debug|Any CPU
		{E66AF4C6-4A21-450E-8BB0-5AC0C8AA775C}.Debug|x86.ActiveCfg = Debug|Any CPU
		{E66AF4C6-4A21-450E-8BB0-5AC0C8AA775C}.Debug|x86.Build.0 = Debug|Any CPU
		{E66AF4C6-4A21-450E-8BB0-5AC0C8AA775C}.Release|Any CPU.ActiveCfg = Release|Any CPU
		{E66AF4C6-4A21-450E-8BB0-5AC0C8AA775C}.Release|Any CPU.Build.0 = Release|Any CPU
		{E66AF4C6-4A21-450E-8BB0-5AC0C8AA775C}.Release|x64.ActiveCfg = Release|Any CPU
		{E66AF4C6-4A21-450E-8BB0-5AC0C8AA775C}.Release|x64.Build.0 = Release|Any CPU
		{E66AF4C6-4A21-450E-8BB0-5AC0C8AA775C}.Release|x86.ActiveCfg = Release|Any CPU
		{E66AF4C6-4A21-450E-8BB0-5AC0C8AA775C}.Release|x86.Build.0 = Release|Any CPU
		{4E360FB0-43FB-4AB0-835E-1E9D9C0537FD}.Debug|Any CPU.ActiveCfg = Debug|Any CPU
		{4E360FB0-43FB-4AB0-835E-1E9D9C0537FD}.Debug|Any CPU.Build.0 = Debug|Any CPU
		{4E360FB0-43FB-4AB0-835E-1E9D9C0537FD}.Debug|x64.ActiveCfg = Debug|Any CPU
		{4E360FB0-43FB-4AB0-835E-1E9D9C0537FD}.Debug|x64.Build.0 = Debug|Any CPU
		{4E360FB0-43FB-4AB0-835E-1E9D9C0537FD}.Debug|x86.ActiveCfg = Debug|Any CPU
		{4E360FB0-43FB-4AB0-835E-1E9D9C0537FD}.Debug|x86.Build.0 = Debug|Any CPU
		{4E360FB0-43FB-4AB0-835E-1E9D9C0537FD}.Release|Any CPU.ActiveCfg = Release|Any CPU
		{4E360FB0-43FB-4AB0-835E-1E9D9C0537FD}.Release|Any CPU.Build.0 = Release|Any CPU
		{4E360FB0-43FB-4AB0-835E-1E9D9C0537FD}.Release|x64.ActiveCfg = Release|Any CPU
		{4E360FB0-43FB-4AB0-835E-1E9D9C0537FD}.Release|x64.Build.0 = Release|Any CPU
		{4E360FB0-43FB-4AB0-835E-1E9D9C0537FD}.Release|x86.ActiveCfg = Release|Any CPU
		{4E360FB0-43FB-4AB0-835E-1E9D9C0537FD}.Release|x86.Build.0 = Release|Any CPU
		{53D4A6CA-95C0-4F84-A847-BE5729F52A49}.Debug|Any CPU.ActiveCfg = Debug|Any CPU
		{53D4A6CA-95C0-4F84-A847-BE5729F52A49}.Debug|Any CPU.Build.0 = Debug|Any CPU
		{53D4A6CA-95C0-4F84-A847-BE5729F52A49}.Debug|x64.ActiveCfg = Debug|Any CPU
		{53D4A6CA-95C0-4F84-A847-BE5729F52A49}.Debug|x64.Build.0 = Debug|Any CPU
		{53D4A6CA-95C0-4F84-A847-BE5729F52A49}.Debug|x86.ActiveCfg = Debug|Any CPU
		{53D4A6CA-95C0-4F84-A847-BE5729F52A49}.Debug|x86.Build.0 = Debug|Any CPU
		{53D4A6CA-95C0-4F84-A847-BE5729F52A49}.Release|Any CPU.ActiveCfg = Release|Any CPU
		{53D4A6CA-95C0-4F84-A847-BE5729F52A49}.Release|Any CPU.Build.0 = Release|Any CPU
		{53D4A6CA-95C0-4F84-A847-BE5729F52A49}.Release|x64.ActiveCfg = Release|Any CPU
		{53D4A6CA-95C0-4F84-A847-BE5729F52A49}.Release|x64.Build.0 = Release|Any CPU
		{53D4A6CA-95C0-4F84-A847-BE5729F52A49}.Release|x86.ActiveCfg = Release|Any CPU
		{53D4A6CA-95C0-4F84-A847-BE5729F52A49}.Release|x86.Build.0 = Release|Any CPU
		{1DEC6430-1269-4FE9-A871-2F28E6A40B85}.Debug|Any CPU.ActiveCfg = Debug|Any CPU
		{1DEC6430-1269-4FE9-A871-2F28E6A40B85}.Debug|Any CPU.Build.0 = Debug|Any CPU
		{1DEC6430-1269-4FE9-A871-2F28E6A40B85}.Debug|x64.ActiveCfg = Debug|Any CPU
		{1DEC6430-1269-4FE9-A871-2F28E6A40B85}.Debug|x64.Build.0 = Debug|Any CPU
		{1DEC6430-1269-4FE9-A871-2F28E6A40B85}.Debug|x86.ActiveCfg = Debug|Any CPU
		{1DEC6430-1269-4FE9-A871-2F28E6A40B85}.Debug|x86.Build.0 = Debug|Any CPU
		{1DEC6430-1269-4FE9-A871-2F28E6A40B85}.Release|Any CPU.ActiveCfg = Release|Any CPU
		{1DEC6430-1269-4FE9-A871-2F28E6A40B85}.Release|Any CPU.Build.0 = Release|Any CPU
		{1DEC6430-1269-4FE9-A871-2F28E6A40B85}.Release|x64.ActiveCfg = Release|Any CPU
		{1DEC6430-1269-4FE9-A871-2F28E6A40B85}.Release|x64.Build.0 = Release|Any CPU
		{1DEC6430-1269-4FE9-A871-2F28E6A40B85}.Release|x86.ActiveCfg = Release|Any CPU
		{1DEC6430-1269-4FE9-A871-2F28E6A40B85}.Release|x86.Build.0 = Release|Any CPU
		{A4A6C3F6-4504-4F56-A2C2-7B74B3B357A1}.Debug|Any CPU.ActiveCfg = Debug|Any CPU
		{A4A6C3F6-4504-4F56-A2C2-7B74B3B357A1}.Debug|Any CPU.Build.0 = Debug|Any CPU
		{A4A6C3F6-4504-4F56-A2C2-7B74B3B357A1}.Debug|x64.ActiveCfg = Debug|Any CPU
		{A4A6C3F6-4504-4F56-A2C2-7B74B3B357A1}.Debug|x64.Build.0 = Debug|Any CPU
		{A4A6C3F6-4504-4F56-A2C2-7B74B3B357A1}.Debug|x86.ActiveCfg = Debug|Any CPU
		{A4A6C3F6-4504-4F56-A2C2-7B74B3B357A1}.Debug|x86.Build.0 = Debug|Any CPU
		{A4A6C3F6-4504-4F56-A2C2-7B74B3B357A1}.Release|Any CPU.ActiveCfg = Release|Any CPU
		{A4A6C3F6-4504-4F56-A2C2-7B74B3B357A1}.Release|Any CPU.Build.0 = Release|Any CPU
		{A4A6C3F6-4504-4F56-A2C2-7B74B3B357A1}.Release|x64.ActiveCfg = Release|Any CPU
		{A4A6C3F6-4504-4F56-A2C2-7B74B3B357A1}.Release|x64.Build.0 = Release|Any CPU
		{A4A6C3F6-4504-4F56-A2C2-7B74B3B357A1}.Release|x86.ActiveCfg = Release|Any CPU
		{A4A6C3F6-4504-4F56-A2C2-7B74B3B357A1}.Release|x86.Build.0 = Release|Any CPU
		{AC4B05B1-B2F1-4BD7-A786-4AD4AD0691A3}.Debug|Any CPU.ActiveCfg = Debug|Any CPU
		{AC4B05B1-B2F1-4BD7-A786-4AD4AD0691A3}.Debug|Any CPU.Build.0 = Debug|Any CPU
		{AC4B05B1-B2F1-4BD7-A786-4AD4AD0691A3}.Debug|x64.ActiveCfg = Debug|Any CPU
		{AC4B05B1-B2F1-4BD7-A786-4AD4AD0691A3}.Debug|x64.Build.0 = Debug|Any CPU
		{AC4B05B1-B2F1-4BD7-A786-4AD4AD0691A3}.Debug|x86.ActiveCfg = Debug|Any CPU
		{AC4B05B1-B2F1-4BD7-A786-4AD4AD0691A3}.Debug|x86.Build.0 = Debug|Any CPU
		{AC4B05B1-B2F1-4BD7-A786-4AD4AD0691A3}.Release|Any CPU.ActiveCfg = Release|Any CPU
		{AC4B05B1-B2F1-4BD7-A786-4AD4AD0691A3}.Release|Any CPU.Build.0 = Release|Any CPU
		{AC4B05B1-B2F1-4BD7-A786-4AD4AD0691A3}.Release|x64.ActiveCfg = Release|Any CPU
		{AC4B05B1-B2F1-4BD7-A786-4AD4AD0691A3}.Release|x64.Build.0 = Release|Any CPU
		{AC4B05B1-B2F1-4BD7-A786-4AD4AD0691A3}.Release|x86.ActiveCfg = Release|Any CPU
		{AC4B05B1-B2F1-4BD7-A786-4AD4AD0691A3}.Release|x86.Build.0 = Release|Any CPU
		{0E342728-5CDF-47C1-85CE-F5465CAD64CE}.Debug|Any CPU.ActiveCfg = Debug|Any CPU
		{0E342728-5CDF-47C1-85CE-F5465CAD64CE}.Debug|Any CPU.Build.0 = Debug|Any CPU
		{0E342728-5CDF-47C1-85CE-F5465CAD64CE}.Debug|x64.ActiveCfg = Debug|Any CPU
		{0E342728-5CDF-47C1-85CE-F5465CAD64CE}.Debug|x64.Build.0 = Debug|Any CPU
		{0E342728-5CDF-47C1-85CE-F5465CAD64CE}.Debug|x86.ActiveCfg = Debug|Any CPU
		{0E342728-5CDF-47C1-85CE-F5465CAD64CE}.Debug|x86.Build.0 = Debug|Any CPU
		{0E342728-5CDF-47C1-85CE-F5465CAD64CE}.Release|Any CPU.ActiveCfg = Release|Any CPU
		{0E342728-5CDF-47C1-85CE-F5465CAD64CE}.Release|Any CPU.Build.0 = Release|Any CPU
		{0E342728-5CDF-47C1-85CE-F5465CAD64CE}.Release|x64.ActiveCfg = Release|Any CPU
		{0E342728-5CDF-47C1-85CE-F5465CAD64CE}.Release|x64.Build.0 = Release|Any CPU
		{0E342728-5CDF-47C1-85CE-F5465CAD64CE}.Release|x86.ActiveCfg = Release|Any CPU
		{0E342728-5CDF-47C1-85CE-F5465CAD64CE}.Release|x86.Build.0 = Release|Any CPU
		{A142D2C2-2F1B-49EE-BE1C-477B81BEA8DA}.Debug|Any CPU.ActiveCfg = Debug|Any CPU
		{A142D2C2-2F1B-49EE-BE1C-477B81BEA8DA}.Debug|Any CPU.Build.0 = Debug|Any CPU
		{A142D2C2-2F1B-49EE-BE1C-477B81BEA8DA}.Debug|x64.ActiveCfg = Debug|Any CPU
		{A142D2C2-2F1B-49EE-BE1C-477B81BEA8DA}.Debug|x64.Build.0 = Debug|Any CPU
		{A142D2C2-2F1B-49EE-BE1C-477B81BEA8DA}.Debug|x86.ActiveCfg = Debug|Any CPU
		{A142D2C2-2F1B-49EE-BE1C-477B81BEA8DA}.Debug|x86.Build.0 = Debug|Any CPU
		{A142D2C2-2F1B-49EE-BE1C-477B81BEA8DA}.Release|Any CPU.ActiveCfg = Release|Any CPU
		{A142D2C2-2F1B-49EE-BE1C-477B81BEA8DA}.Release|Any CPU.Build.0 = Release|Any CPU
		{A142D2C2-2F1B-49EE-BE1C-477B81BEA8DA}.Release|x64.ActiveCfg = Release|Any CPU
		{A142D2C2-2F1B-49EE-BE1C-477B81BEA8DA}.Release|x64.Build.0 = Release|Any CPU
		{A142D2C2-2F1B-49EE-BE1C-477B81BEA8DA}.Release|x86.ActiveCfg = Release|Any CPU
		{A142D2C2-2F1B-49EE-BE1C-477B81BEA8DA}.Release|x86.Build.0 = Release|Any CPU
		{C5859EF2-702E-4B1C-A92C-5DB3CFD184E2}.Debug|Any CPU.ActiveCfg = Debug|Any CPU
		{C5859EF2-702E-4B1C-A92C-5DB3CFD184E2}.Debug|Any CPU.Build.0 = Debug|Any CPU
		{C5859EF2-702E-4B1C-A92C-5DB3CFD184E2}.Debug|x64.ActiveCfg = Debug|Any CPU
		{C5859EF2-702E-4B1C-A92C-5DB3CFD184E2}.Debug|x64.Build.0 = Debug|Any CPU
		{C5859EF2-702E-4B1C-A92C-5DB3CFD184E2}.Debug|x86.ActiveCfg = Debug|Any CPU
		{C5859EF2-702E-4B1C-A92C-5DB3CFD184E2}.Debug|x86.Build.0 = Debug|Any CPU
		{C5859EF2-702E-4B1C-A92C-5DB3CFD184E2}.Release|Any CPU.ActiveCfg = Release|Any CPU
		{C5859EF2-702E-4B1C-A92C-5DB3CFD184E2}.Release|Any CPU.Build.0 = Release|Any CPU
		{C5859EF2-702E-4B1C-A92C-5DB3CFD184E2}.Release|x64.ActiveCfg = Release|Any CPU
		{C5859EF2-702E-4B1C-A92C-5DB3CFD184E2}.Release|x64.Build.0 = Release|Any CPU
		{C5859EF2-702E-4B1C-A92C-5DB3CFD184E2}.Release|x86.ActiveCfg = Release|Any CPU
		{C5859EF2-702E-4B1C-A92C-5DB3CFD184E2}.Release|x86.Build.0 = Release|Any CPU
		{BD9875E2-D249-49F8-8D11-F4D6339008DE}.Debug|Any CPU.ActiveCfg = Debug|Any CPU
		{BD9875E2-D249-49F8-8D11-F4D6339008DE}.Debug|Any CPU.Build.0 = Debug|Any CPU
		{BD9875E2-D249-49F8-8D11-F4D6339008DE}.Debug|x64.ActiveCfg = Debug|Any CPU
		{BD9875E2-D249-49F8-8D11-F4D6339008DE}.Debug|x64.Build.0 = Debug|Any CPU
		{BD9875E2-D249-49F8-8D11-F4D6339008DE}.Debug|x86.ActiveCfg = Debug|Any CPU
		{BD9875E2-D249-49F8-8D11-F4D6339008DE}.Debug|x86.Build.0 = Debug|Any CPU
		{BD9875E2-D249-49F8-8D11-F4D6339008DE}.Release|Any CPU.ActiveCfg = Release|Any CPU
		{BD9875E2-D249-49F8-8D11-F4D6339008DE}.Release|Any CPU.Build.0 = Release|Any CPU
		{BD9875E2-D249-49F8-8D11-F4D6339008DE}.Release|x64.ActiveCfg = Release|Any CPU
		{BD9875E2-D249-49F8-8D11-F4D6339008DE}.Release|x64.Build.0 = Release|Any CPU
		{BD9875E2-D249-49F8-8D11-F4D6339008DE}.Release|x86.ActiveCfg = Release|Any CPU
		{BD9875E2-D249-49F8-8D11-F4D6339008DE}.Release|x86.Build.0 = Release|Any CPU
		{568841D4-393B-4255-A575-E708478A254E}.Debug|Any CPU.ActiveCfg = Debug|Any CPU
		{568841D4-393B-4255-A575-E708478A254E}.Debug|Any CPU.Build.0 = Debug|Any CPU
		{568841D4-393B-4255-A575-E708478A254E}.Debug|x64.ActiveCfg = Debug|Any CPU
		{568841D4-393B-4255-A575-E708478A254E}.Debug|x64.Build.0 = Debug|Any CPU
		{568841D4-393B-4255-A575-E708478A254E}.Debug|x86.ActiveCfg = Debug|Any CPU
		{568841D4-393B-4255-A575-E708478A254E}.Debug|x86.Build.0 = Debug|Any CPU
		{568841D4-393B-4255-A575-E708478A254E}.Release|Any CPU.ActiveCfg = Release|Any CPU
		{568841D4-393B-4255-A575-E708478A254E}.Release|Any CPU.Build.0 = Release|Any CPU
		{568841D4-393B-4255-A575-E708478A254E}.Release|x64.ActiveCfg = Release|Any CPU
		{568841D4-393B-4255-A575-E708478A254E}.Release|x64.Build.0 = Release|Any CPU
		{568841D4-393B-4255-A575-E708478A254E}.Release|x86.ActiveCfg = Release|Any CPU
		{568841D4-393B-4255-A575-E708478A254E}.Release|x86.Build.0 = Release|Any CPU
		{2F62E363-3952-4E37-A27D-E088CDE16B38}.Debug|Any CPU.ActiveCfg = Debug|Any CPU
		{2F62E363-3952-4E37-A27D-E088CDE16B38}.Debug|Any CPU.Build.0 = Debug|Any CPU
		{2F62E363-3952-4E37-A27D-E088CDE16B38}.Debug|x64.ActiveCfg = Debug|Any CPU
		{2F62E363-3952-4E37-A27D-E088CDE16B38}.Debug|x64.Build.0 = Debug|Any CPU
		{2F62E363-3952-4E37-A27D-E088CDE16B38}.Debug|x86.ActiveCfg = Debug|Any CPU
		{2F62E363-3952-4E37-A27D-E088CDE16B38}.Debug|x86.Build.0 = Debug|Any CPU
		{2F62E363-3952-4E37-A27D-E088CDE16B38}.Release|Any CPU.ActiveCfg = Release|Any CPU
		{2F62E363-3952-4E37-A27D-E088CDE16B38}.Release|Any CPU.Build.0 = Release|Any CPU
		{2F62E363-3952-4E37-A27D-E088CDE16B38}.Release|x64.ActiveCfg = Release|Any CPU
		{2F62E363-3952-4E37-A27D-E088CDE16B38}.Release|x64.Build.0 = Release|Any CPU
		{2F62E363-3952-4E37-A27D-E088CDE16B38}.Release|x86.ActiveCfg = Release|Any CPU
		{2F62E363-3952-4E37-A27D-E088CDE16B38}.Release|x86.Build.0 = Release|Any CPU
		{A83F2DDE-29C6-4238-96C2-94A7162DDB8C}.Debug|Any CPU.ActiveCfg = Debug|Any CPU
		{A83F2DDE-29C6-4238-96C2-94A7162DDB8C}.Debug|Any CPU.Build.0 = Debug|Any CPU
		{A83F2DDE-29C6-4238-96C2-94A7162DDB8C}.Debug|x64.ActiveCfg = Debug|Any CPU
		{A83F2DDE-29C6-4238-96C2-94A7162DDB8C}.Debug|x64.Build.0 = Debug|Any CPU
		{A83F2DDE-29C6-4238-96C2-94A7162DDB8C}.Debug|x86.ActiveCfg = Debug|Any CPU
		{A83F2DDE-29C6-4238-96C2-94A7162DDB8C}.Debug|x86.Build.0 = Debug|Any CPU
		{A83F2DDE-29C6-4238-96C2-94A7162DDB8C}.Release|Any CPU.ActiveCfg = Release|Any CPU
		{A83F2DDE-29C6-4238-96C2-94A7162DDB8C}.Release|Any CPU.Build.0 = Release|Any CPU
		{A83F2DDE-29C6-4238-96C2-94A7162DDB8C}.Release|x64.ActiveCfg = Release|Any CPU
		{A83F2DDE-29C6-4238-96C2-94A7162DDB8C}.Release|x64.Build.0 = Release|Any CPU
		{A83F2DDE-29C6-4238-96C2-94A7162DDB8C}.Release|x86.ActiveCfg = Release|Any CPU
		{A83F2DDE-29C6-4238-96C2-94A7162DDB8C}.Release|x86.Build.0 = Release|Any CPU
		{247F50DC-F490-49B4-B8F2-1CA1F3A010E5}.Debug|Any CPU.ActiveCfg = Debug|Any CPU
		{247F50DC-F490-49B4-B8F2-1CA1F3A010E5}.Debug|Any CPU.Build.0 = Debug|Any CPU
		{247F50DC-F490-49B4-B8F2-1CA1F3A010E5}.Debug|x64.ActiveCfg = Debug|Any CPU
		{247F50DC-F490-49B4-B8F2-1CA1F3A010E5}.Debug|x64.Build.0 = Debug|Any CPU
		{247F50DC-F490-49B4-B8F2-1CA1F3A010E5}.Debug|x86.ActiveCfg = Debug|Any CPU
		{247F50DC-F490-49B4-B8F2-1CA1F3A010E5}.Debug|x86.Build.0 = Debug|Any CPU
		{247F50DC-F490-49B4-B8F2-1CA1F3A010E5}.Release|Any CPU.ActiveCfg = Release|Any CPU
		{247F50DC-F490-49B4-B8F2-1CA1F3A010E5}.Release|Any CPU.Build.0 = Release|Any CPU
		{247F50DC-F490-49B4-B8F2-1CA1F3A010E5}.Release|x64.ActiveCfg = Release|Any CPU
		{247F50DC-F490-49B4-B8F2-1CA1F3A010E5}.Release|x64.Build.0 = Release|Any CPU
		{247F50DC-F490-49B4-B8F2-1CA1F3A010E5}.Release|x86.ActiveCfg = Release|Any CPU
		{247F50DC-F490-49B4-B8F2-1CA1F3A010E5}.Release|x86.Build.0 = Release|Any CPU
		{4616980D-188F-4B37-A31E-434C9609AAEB}.Debug|Any CPU.ActiveCfg = Debug|Any CPU
		{4616980D-188F-4B37-A31E-434C9609AAEB}.Debug|Any CPU.Build.0 = Debug|Any CPU
		{4616980D-188F-4B37-A31E-434C9609AAEB}.Debug|x64.ActiveCfg = Debug|Any CPU
		{4616980D-188F-4B37-A31E-434C9609AAEB}.Debug|x64.Build.0 = Debug|Any CPU
		{4616980D-188F-4B37-A31E-434C9609AAEB}.Debug|x86.ActiveCfg = Debug|Any CPU
		{4616980D-188F-4B37-A31E-434C9609AAEB}.Debug|x86.Build.0 = Debug|Any CPU
		{4616980D-188F-4B37-A31E-434C9609AAEB}.Release|Any CPU.ActiveCfg = Release|Any CPU
		{4616980D-188F-4B37-A31E-434C9609AAEB}.Release|Any CPU.Build.0 = Release|Any CPU
		{4616980D-188F-4B37-A31E-434C9609AAEB}.Release|x64.ActiveCfg = Release|Any CPU
		{4616980D-188F-4B37-A31E-434C9609AAEB}.Release|x64.Build.0 = Release|Any CPU
		{4616980D-188F-4B37-A31E-434C9609AAEB}.Release|x86.ActiveCfg = Release|Any CPU
		{4616980D-188F-4B37-A31E-434C9609AAEB}.Release|x86.Build.0 = Release|Any CPU
		{CD68C6E7-B616-4BED-8F78-BBE31469EDF1}.Debug|Any CPU.ActiveCfg = Debug|Any CPU
		{CD68C6E7-B616-4BED-8F78-BBE31469EDF1}.Debug|Any CPU.Build.0 = Debug|Any CPU
		{CD68C6E7-B616-4BED-8F78-BBE31469EDF1}.Debug|x64.ActiveCfg = Debug|Any CPU
		{CD68C6E7-B616-4BED-8F78-BBE31469EDF1}.Debug|x64.Build.0 = Debug|Any CPU
		{CD68C6E7-B616-4BED-8F78-BBE31469EDF1}.Debug|x86.ActiveCfg = Debug|Any CPU
		{CD68C6E7-B616-4BED-8F78-BBE31469EDF1}.Debug|x86.Build.0 = Debug|Any CPU
		{CD68C6E7-B616-4BED-8F78-BBE31469EDF1}.Release|Any CPU.ActiveCfg = Release|Any CPU
		{CD68C6E7-B616-4BED-8F78-BBE31469EDF1}.Release|Any CPU.Build.0 = Release|Any CPU
		{CD68C6E7-B616-4BED-8F78-BBE31469EDF1}.Release|x64.ActiveCfg = Release|Any CPU
		{CD68C6E7-B616-4BED-8F78-BBE31469EDF1}.Release|x64.Build.0 = Release|Any CPU
		{CD68C6E7-B616-4BED-8F78-BBE31469EDF1}.Release|x86.ActiveCfg = Release|Any CPU
		{CD68C6E7-B616-4BED-8F78-BBE31469EDF1}.Release|x86.Build.0 = Release|Any CPU
		{62CC4644-9934-4644-815B-807063769A2B}.Debug|Any CPU.ActiveCfg = Debug|Any CPU
		{62CC4644-9934-4644-815B-807063769A2B}.Debug|Any CPU.Build.0 = Debug|Any CPU
		{62CC4644-9934-4644-815B-807063769A2B}.Debug|x64.ActiveCfg = Debug|Any CPU
		{62CC4644-9934-4644-815B-807063769A2B}.Debug|x64.Build.0 = Debug|Any CPU
		{62CC4644-9934-4644-815B-807063769A2B}.Debug|x86.ActiveCfg = Debug|Any CPU
		{62CC4644-9934-4644-815B-807063769A2B}.Debug|x86.Build.0 = Debug|Any CPU
		{62CC4644-9934-4644-815B-807063769A2B}.Release|Any CPU.ActiveCfg = Release|Any CPU
		{62CC4644-9934-4644-815B-807063769A2B}.Release|Any CPU.Build.0 = Release|Any CPU
		{62CC4644-9934-4644-815B-807063769A2B}.Release|x64.ActiveCfg = Release|Any CPU
		{62CC4644-9934-4644-815B-807063769A2B}.Release|x64.Build.0 = Release|Any CPU
		{62CC4644-9934-4644-815B-807063769A2B}.Release|x86.ActiveCfg = Release|Any CPU
		{62CC4644-9934-4644-815B-807063769A2B}.Release|x86.Build.0 = Release|Any CPU
		{8E2FD113-36D8-416A-BD99-119CE6241773}.Debug|Any CPU.ActiveCfg = Debug|Any CPU
		{8E2FD113-36D8-416A-BD99-119CE6241773}.Debug|Any CPU.Build.0 = Debug|Any CPU
		{8E2FD113-36D8-416A-BD99-119CE6241773}.Debug|x64.ActiveCfg = Debug|Any CPU
		{8E2FD113-36D8-416A-BD99-119CE6241773}.Debug|x64.Build.0 = Debug|Any CPU
		{8E2FD113-36D8-416A-BD99-119CE6241773}.Debug|x86.ActiveCfg = Debug|Any CPU
		{8E2FD113-36D8-416A-BD99-119CE6241773}.Debug|x86.Build.0 = Debug|Any CPU
		{8E2FD113-36D8-416A-BD99-119CE6241773}.Release|Any CPU.ActiveCfg = Release|Any CPU
		{8E2FD113-36D8-416A-BD99-119CE6241773}.Release|Any CPU.Build.0 = Release|Any CPU
		{8E2FD113-36D8-416A-BD99-119CE6241773}.Release|x64.ActiveCfg = Release|Any CPU
		{8E2FD113-36D8-416A-BD99-119CE6241773}.Release|x64.Build.0 = Release|Any CPU
		{8E2FD113-36D8-416A-BD99-119CE6241773}.Release|x86.ActiveCfg = Release|Any CPU
		{8E2FD113-36D8-416A-BD99-119CE6241773}.Release|x86.Build.0 = Release|Any CPU
		{7BAAE4A2-5201-4A52-A9E9-666821B3F74A}.Debug|Any CPU.ActiveCfg = Debug|Win32
		{7BAAE4A2-5201-4A52-A9E9-666821B3F74A}.Debug|x64.ActiveCfg = Debug|x64
		{7BAAE4A2-5201-4A52-A9E9-666821B3F74A}.Debug|x64.Build.0 = Debug|x64
		{7BAAE4A2-5201-4A52-A9E9-666821B3F74A}.Debug|x86.ActiveCfg = Debug|Win32
		{7BAAE4A2-5201-4A52-A9E9-666821B3F74A}.Debug|x86.Build.0 = Debug|Win32
		{7BAAE4A2-5201-4A52-A9E9-666821B3F74A}.Release|Any CPU.ActiveCfg = Release|Win32
		{7BAAE4A2-5201-4A52-A9E9-666821B3F74A}.Release|x64.ActiveCfg = Release|x64
		{7BAAE4A2-5201-4A52-A9E9-666821B3F74A}.Release|x64.Build.0 = Release|x64
		{7BAAE4A2-5201-4A52-A9E9-666821B3F74A}.Release|x86.ActiveCfg = Release|Win32
		{7BAAE4A2-5201-4A52-A9E9-666821B3F74A}.Release|x86.Build.0 = Release|Win32
		{DEF70AEB-0E44-4F6B-94F5-DE077E22109C}.Debug|Any CPU.ActiveCfg = Debug|Any CPU
		{DEF70AEB-0E44-4F6B-94F5-DE077E22109C}.Debug|Any CPU.Build.0 = Debug|Any CPU
		{DEF70AEB-0E44-4F6B-94F5-DE077E22109C}.Debug|x64.ActiveCfg = Debug|Any CPU
		{DEF70AEB-0E44-4F6B-94F5-DE077E22109C}.Debug|x64.Build.0 = Debug|Any CPU
		{DEF70AEB-0E44-4F6B-94F5-DE077E22109C}.Debug|x86.ActiveCfg = Debug|Any CPU
		{DEF70AEB-0E44-4F6B-94F5-DE077E22109C}.Debug|x86.Build.0 = Debug|Any CPU
		{DEF70AEB-0E44-4F6B-94F5-DE077E22109C}.Release|Any CPU.ActiveCfg = Release|Any CPU
		{DEF70AEB-0E44-4F6B-94F5-DE077E22109C}.Release|Any CPU.Build.0 = Release|Any CPU
		{DEF70AEB-0E44-4F6B-94F5-DE077E22109C}.Release|x64.ActiveCfg = Release|Any CPU
		{DEF70AEB-0E44-4F6B-94F5-DE077E22109C}.Release|x64.Build.0 = Release|Any CPU
		{DEF70AEB-0E44-4F6B-94F5-DE077E22109C}.Release|x86.ActiveCfg = Release|Any CPU
		{DEF70AEB-0E44-4F6B-94F5-DE077E22109C}.Release|x86.Build.0 = Release|Any CPU
		{E22365CF-DBC4-41C3-A1F4-D33AC06DFA80}.Debug|Any CPU.ActiveCfg = Debug|Any CPU
		{E22365CF-DBC4-41C3-A1F4-D33AC06DFA80}.Debug|Any CPU.Build.0 = Debug|Any CPU
		{E22365CF-DBC4-41C3-A1F4-D33AC06DFA80}.Debug|x64.ActiveCfg = Debug|Any CPU
		{E22365CF-DBC4-41C3-A1F4-D33AC06DFA80}.Debug|x64.Build.0 = Debug|Any CPU
		{E22365CF-DBC4-41C3-A1F4-D33AC06DFA80}.Debug|x86.ActiveCfg = Debug|Any CPU
		{E22365CF-DBC4-41C3-A1F4-D33AC06DFA80}.Debug|x86.Build.0 = Debug|Any CPU
		{E22365CF-DBC4-41C3-A1F4-D33AC06DFA80}.Release|Any CPU.ActiveCfg = Release|Any CPU
		{E22365CF-DBC4-41C3-A1F4-D33AC06DFA80}.Release|Any CPU.Build.0 = Release|Any CPU
		{E22365CF-DBC4-41C3-A1F4-D33AC06DFA80}.Release|x64.ActiveCfg = Release|Any CPU
		{E22365CF-DBC4-41C3-A1F4-D33AC06DFA80}.Release|x64.Build.0 = Release|Any CPU
		{E22365CF-DBC4-41C3-A1F4-D33AC06DFA80}.Release|x86.ActiveCfg = Release|Any CPU
		{E22365CF-DBC4-41C3-A1F4-D33AC06DFA80}.Release|x86.Build.0 = Release|Any CPU
		{4BA3D900-EA1A-409E-ADF4-A096C3B9E31A}.Debug|Any CPU.ActiveCfg = Debug|Any CPU
		{4BA3D900-EA1A-409E-ADF4-A096C3B9E31A}.Debug|Any CPU.Build.0 = Debug|Any CPU
		{4BA3D900-EA1A-409E-ADF4-A096C3B9E31A}.Debug|x64.ActiveCfg = Debug|Any CPU
		{4BA3D900-EA1A-409E-ADF4-A096C3B9E31A}.Debug|x64.Build.0 = Debug|Any CPU
		{4BA3D900-EA1A-409E-ADF4-A096C3B9E31A}.Debug|x86.ActiveCfg = Debug|Any CPU
		{4BA3D900-EA1A-409E-ADF4-A096C3B9E31A}.Debug|x86.Build.0 = Debug|Any CPU
		{4BA3D900-EA1A-409E-ADF4-A096C3B9E31A}.Release|Any CPU.ActiveCfg = Release|Any CPU
		{4BA3D900-EA1A-409E-ADF4-A096C3B9E31A}.Release|Any CPU.Build.0 = Release|Any CPU
		{4BA3D900-EA1A-409E-ADF4-A096C3B9E31A}.Release|x64.ActiveCfg = Release|Any CPU
		{4BA3D900-EA1A-409E-ADF4-A096C3B9E31A}.Release|x64.Build.0 = Release|Any CPU
		{4BA3D900-EA1A-409E-ADF4-A096C3B9E31A}.Release|x86.ActiveCfg = Release|Any CPU
		{4BA3D900-EA1A-409E-ADF4-A096C3B9E31A}.Release|x86.Build.0 = Release|Any CPU
		{1DAFB825-9D74-477F-BD68-35443B70FCBF}.Debug|Any CPU.ActiveCfg = Debug|Any CPU
		{1DAFB825-9D74-477F-BD68-35443B70FCBF}.Debug|Any CPU.Build.0 = Debug|Any CPU
		{1DAFB825-9D74-477F-BD68-35443B70FCBF}.Debug|x64.ActiveCfg = Debug|Any CPU
		{1DAFB825-9D74-477F-BD68-35443B70FCBF}.Debug|x64.Build.0 = Debug|Any CPU
		{1DAFB825-9D74-477F-BD68-35443B70FCBF}.Debug|x86.ActiveCfg = Debug|Any CPU
		{1DAFB825-9D74-477F-BD68-35443B70FCBF}.Debug|x86.Build.0 = Debug|Any CPU
		{1DAFB825-9D74-477F-BD68-35443B70FCBF}.Release|Any CPU.ActiveCfg = Release|Any CPU
		{1DAFB825-9D74-477F-BD68-35443B70FCBF}.Release|Any CPU.Build.0 = Release|Any CPU
		{1DAFB825-9D74-477F-BD68-35443B70FCBF}.Release|x64.ActiveCfg = Release|Any CPU
		{1DAFB825-9D74-477F-BD68-35443B70FCBF}.Release|x64.Build.0 = Release|Any CPU
		{1DAFB825-9D74-477F-BD68-35443B70FCBF}.Release|x86.ActiveCfg = Release|Any CPU
		{1DAFB825-9D74-477F-BD68-35443B70FCBF}.Release|x86.Build.0 = Release|Any CPU
		{AB214D42-0B0E-4B05-8D2E-936EE71C7FC6}.Debug|Any CPU.ActiveCfg = Debug|Any CPU
		{AB214D42-0B0E-4B05-8D2E-936EE71C7FC6}.Debug|Any CPU.Build.0 = Debug|Any CPU
		{AB214D42-0B0E-4B05-8D2E-936EE71C7FC6}.Debug|x64.ActiveCfg = Debug|Any CPU
		{AB214D42-0B0E-4B05-8D2E-936EE71C7FC6}.Debug|x64.Build.0 = Debug|Any CPU
		{AB214D42-0B0E-4B05-8D2E-936EE71C7FC6}.Debug|x86.ActiveCfg = Debug|Any CPU
		{AB214D42-0B0E-4B05-8D2E-936EE71C7FC6}.Debug|x86.Build.0 = Debug|Any CPU
		{AB214D42-0B0E-4B05-8D2E-936EE71C7FC6}.Release|Any CPU.ActiveCfg = Release|Any CPU
		{AB214D42-0B0E-4B05-8D2E-936EE71C7FC6}.Release|Any CPU.Build.0 = Release|Any CPU
		{AB214D42-0B0E-4B05-8D2E-936EE71C7FC6}.Release|x64.ActiveCfg = Release|Any CPU
		{AB214D42-0B0E-4B05-8D2E-936EE71C7FC6}.Release|x64.Build.0 = Release|Any CPU
		{AB214D42-0B0E-4B05-8D2E-936EE71C7FC6}.Release|x86.ActiveCfg = Release|Any CPU
		{AB214D42-0B0E-4B05-8D2E-936EE71C7FC6}.Release|x86.Build.0 = Release|Any CPU
		{E3725C4E-9060-4483-9413-1A642CF24286}.Debug|Any CPU.ActiveCfg = Debug|Any CPU
		{E3725C4E-9060-4483-9413-1A642CF24286}.Debug|Any CPU.Build.0 = Debug|Any CPU
		{E3725C4E-9060-4483-9413-1A642CF24286}.Debug|x64.ActiveCfg = Debug|Any CPU
		{E3725C4E-9060-4483-9413-1A642CF24286}.Debug|x64.Build.0 = Debug|Any CPU
		{E3725C4E-9060-4483-9413-1A642CF24286}.Debug|x86.ActiveCfg = Debug|Any CPU
		{E3725C4E-9060-4483-9413-1A642CF24286}.Debug|x86.Build.0 = Debug|Any CPU
		{E3725C4E-9060-4483-9413-1A642CF24286}.Release|Any CPU.ActiveCfg = Release|Any CPU
		{E3725C4E-9060-4483-9413-1A642CF24286}.Release|Any CPU.Build.0 = Release|Any CPU
		{E3725C4E-9060-4483-9413-1A642CF24286}.Release|x64.ActiveCfg = Release|Any CPU
		{E3725C4E-9060-4483-9413-1A642CF24286}.Release|x64.Build.0 = Release|Any CPU
		{E3725C4E-9060-4483-9413-1A642CF24286}.Release|x86.ActiveCfg = Release|Any CPU
		{E3725C4E-9060-4483-9413-1A642CF24286}.Release|x86.Build.0 = Release|Any CPU
		{DBE75DED-A145-4EEE-9EB2-2C81301F680D}.Debug|Any CPU.ActiveCfg = Debug|Any CPU
		{DBE75DED-A145-4EEE-9EB2-2C81301F680D}.Debug|Any CPU.Build.0 = Debug|Any CPU
		{DBE75DED-A145-4EEE-9EB2-2C81301F680D}.Debug|x64.ActiveCfg = Debug|Any CPU
		{DBE75DED-A145-4EEE-9EB2-2C81301F680D}.Debug|x64.Build.0 = Debug|Any CPU
		{DBE75DED-A145-4EEE-9EB2-2C81301F680D}.Debug|x86.ActiveCfg = Debug|Any CPU
		{DBE75DED-A145-4EEE-9EB2-2C81301F680D}.Debug|x86.Build.0 = Debug|Any CPU
		{DBE75DED-A145-4EEE-9EB2-2C81301F680D}.Release|Any CPU.ActiveCfg = Release|Any CPU
		{DBE75DED-A145-4EEE-9EB2-2C81301F680D}.Release|Any CPU.Build.0 = Release|Any CPU
		{DBE75DED-A145-4EEE-9EB2-2C81301F680D}.Release|x64.ActiveCfg = Release|Any CPU
		{DBE75DED-A145-4EEE-9EB2-2C81301F680D}.Release|x64.Build.0 = Release|Any CPU
		{DBE75DED-A145-4EEE-9EB2-2C81301F680D}.Release|x86.ActiveCfg = Release|Any CPU
		{DBE75DED-A145-4EEE-9EB2-2C81301F680D}.Release|x86.Build.0 = Release|Any CPU
		{E657D8D1-5338-4E60-9B44-659708CCF657}.Debug|Any CPU.ActiveCfg = Debug|Any CPU
		{E657D8D1-5338-4E60-9B44-659708CCF657}.Debug|Any CPU.Build.0 = Debug|Any CPU
		{E657D8D1-5338-4E60-9B44-659708CCF657}.Debug|x64.ActiveCfg = Debug|Any CPU
		{E657D8D1-5338-4E60-9B44-659708CCF657}.Debug|x64.Build.0 = Debug|Any CPU
		{E657D8D1-5338-4E60-9B44-659708CCF657}.Debug|x86.ActiveCfg = Debug|Any CPU
		{E657D8D1-5338-4E60-9B44-659708CCF657}.Debug|x86.Build.0 = Debug|Any CPU
		{E657D8D1-5338-4E60-9B44-659708CCF657}.Release|Any CPU.ActiveCfg = Release|Any CPU
		{E657D8D1-5338-4E60-9B44-659708CCF657}.Release|Any CPU.Build.0 = Release|Any CPU
		{E657D8D1-5338-4E60-9B44-659708CCF657}.Release|x64.ActiveCfg = Release|Any CPU
		{E657D8D1-5338-4E60-9B44-659708CCF657}.Release|x64.Build.0 = Release|Any CPU
		{E657D8D1-5338-4E60-9B44-659708CCF657}.Release|x86.ActiveCfg = Release|Any CPU
		{E657D8D1-5338-4E60-9B44-659708CCF657}.Release|x86.Build.0 = Release|Any CPU
		{464F2A64-A905-4DA4-AB41-93BA17EC569A}.Debug|Any CPU.ActiveCfg = Debug|Any CPU
		{464F2A64-A905-4DA4-AB41-93BA17EC569A}.Debug|Any CPU.Build.0 = Debug|Any CPU
		{464F2A64-A905-4DA4-AB41-93BA17EC569A}.Debug|x64.ActiveCfg = Debug|Any CPU
		{464F2A64-A905-4DA4-AB41-93BA17EC569A}.Debug|x64.Build.0 = Debug|Any CPU
		{464F2A64-A905-4DA4-AB41-93BA17EC569A}.Debug|x86.ActiveCfg = Debug|Any CPU
		{464F2A64-A905-4DA4-AB41-93BA17EC569A}.Debug|x86.Build.0 = Debug|Any CPU
		{464F2A64-A905-4DA4-AB41-93BA17EC569A}.Release|Any CPU.ActiveCfg = Release|Any CPU
		{464F2A64-A905-4DA4-AB41-93BA17EC569A}.Release|Any CPU.Build.0 = Release|Any CPU
		{464F2A64-A905-4DA4-AB41-93BA17EC569A}.Release|x64.ActiveCfg = Release|Any CPU
		{464F2A64-A905-4DA4-AB41-93BA17EC569A}.Release|x64.Build.0 = Release|Any CPU
		{464F2A64-A905-4DA4-AB41-93BA17EC569A}.Release|x86.ActiveCfg = Release|Any CPU
		{464F2A64-A905-4DA4-AB41-93BA17EC569A}.Release|x86.Build.0 = Release|Any CPU
		{2401B85F-6851-4B10-867C-9A464D949391}.Debug|Any CPU.ActiveCfg = Debug|Any CPU
		{2401B85F-6851-4B10-867C-9A464D949391}.Debug|Any CPU.Build.0 = Debug|Any CPU
		{2401B85F-6851-4B10-867C-9A464D949391}.Debug|x64.ActiveCfg = Debug|Any CPU
		{2401B85F-6851-4B10-867C-9A464D949391}.Debug|x64.Build.0 = Debug|Any CPU
		{2401B85F-6851-4B10-867C-9A464D949391}.Debug|x86.ActiveCfg = Debug|Any CPU
		{2401B85F-6851-4B10-867C-9A464D949391}.Debug|x86.Build.0 = Debug|Any CPU
		{2401B85F-6851-4B10-867C-9A464D949391}.Release|Any CPU.ActiveCfg = Release|Any CPU
		{2401B85F-6851-4B10-867C-9A464D949391}.Release|Any CPU.Build.0 = Release|Any CPU
		{2401B85F-6851-4B10-867C-9A464D949391}.Release|x64.ActiveCfg = Release|Any CPU
		{2401B85F-6851-4B10-867C-9A464D949391}.Release|x64.Build.0 = Release|Any CPU
		{2401B85F-6851-4B10-867C-9A464D949391}.Release|x86.ActiveCfg = Release|Any CPU
		{2401B85F-6851-4B10-867C-9A464D949391}.Release|x86.Build.0 = Release|Any CPU
		{D737235F-9AD1-4B8E-AE9A-7F5CC7DC645C}.Debug|Any CPU.ActiveCfg = Debug|Any CPU
		{D737235F-9AD1-4B8E-AE9A-7F5CC7DC645C}.Debug|Any CPU.Build.0 = Debug|Any CPU
		{D737235F-9AD1-4B8E-AE9A-7F5CC7DC645C}.Debug|x64.ActiveCfg = Debug|Any CPU
		{D737235F-9AD1-4B8E-AE9A-7F5CC7DC645C}.Debug|x64.Build.0 = Debug|Any CPU
		{D737235F-9AD1-4B8E-AE9A-7F5CC7DC645C}.Debug|x86.ActiveCfg = Debug|Any CPU
		{D737235F-9AD1-4B8E-AE9A-7F5CC7DC645C}.Debug|x86.Build.0 = Debug|Any CPU
		{D737235F-9AD1-4B8E-AE9A-7F5CC7DC645C}.Release|Any CPU.ActiveCfg = Release|Any CPU
		{D737235F-9AD1-4B8E-AE9A-7F5CC7DC645C}.Release|Any CPU.Build.0 = Release|Any CPU
		{D737235F-9AD1-4B8E-AE9A-7F5CC7DC645C}.Release|x64.ActiveCfg = Release|Any CPU
		{D737235F-9AD1-4B8E-AE9A-7F5CC7DC645C}.Release|x64.Build.0 = Release|Any CPU
		{D737235F-9AD1-4B8E-AE9A-7F5CC7DC645C}.Release|x86.ActiveCfg = Release|Any CPU
		{D737235F-9AD1-4B8E-AE9A-7F5CC7DC645C}.Release|x86.Build.0 = Release|Any CPU
		{F45ED788-982A-4094-A6D3-2B11B441AA6A}.Debug|Any CPU.ActiveCfg = Debug|Any CPU
		{F45ED788-982A-4094-A6D3-2B11B441AA6A}.Debug|Any CPU.Build.0 = Debug|Any CPU
		{F45ED788-982A-4094-A6D3-2B11B441AA6A}.Debug|x64.ActiveCfg = Debug|Any CPU
		{F45ED788-982A-4094-A6D3-2B11B441AA6A}.Debug|x64.Build.0 = Debug|Any CPU
		{F45ED788-982A-4094-A6D3-2B11B441AA6A}.Debug|x86.ActiveCfg = Debug|Any CPU
		{F45ED788-982A-4094-A6D3-2B11B441AA6A}.Debug|x86.Build.0 = Debug|Any CPU
		{F45ED788-982A-4094-A6D3-2B11B441AA6A}.Release|Any CPU.ActiveCfg = Release|Any CPU
		{F45ED788-982A-4094-A6D3-2B11B441AA6A}.Release|Any CPU.Build.0 = Release|Any CPU
		{F45ED788-982A-4094-A6D3-2B11B441AA6A}.Release|x64.ActiveCfg = Release|Any CPU
		{F45ED788-982A-4094-A6D3-2B11B441AA6A}.Release|x64.Build.0 = Release|Any CPU
		{F45ED788-982A-4094-A6D3-2B11B441AA6A}.Release|x86.ActiveCfg = Release|Any CPU
		{F45ED788-982A-4094-A6D3-2B11B441AA6A}.Release|x86.Build.0 = Release|Any CPU
		{3C157109-A61C-4B79-A866-04C638FE661B}.Debug|Any CPU.ActiveCfg = Debug|Any CPU
		{3C157109-A61C-4B79-A866-04C638FE661B}.Debug|Any CPU.Build.0 = Debug|Any CPU
		{3C157109-A61C-4B79-A866-04C638FE661B}.Debug|x64.ActiveCfg = Debug|Any CPU
		{3C157109-A61C-4B79-A866-04C638FE661B}.Debug|x64.Build.0 = Debug|Any CPU
		{3C157109-A61C-4B79-A866-04C638FE661B}.Debug|x86.ActiveCfg = Debug|Any CPU
		{3C157109-A61C-4B79-A866-04C638FE661B}.Debug|x86.Build.0 = Debug|Any CPU
		{3C157109-A61C-4B79-A866-04C638FE661B}.Release|Any CPU.ActiveCfg = Release|Any CPU
		{3C157109-A61C-4B79-A866-04C638FE661B}.Release|Any CPU.Build.0 = Release|Any CPU
		{3C157109-A61C-4B79-A866-04C638FE661B}.Release|x64.ActiveCfg = Release|Any CPU
		{3C157109-A61C-4B79-A866-04C638FE661B}.Release|x64.Build.0 = Release|Any CPU
		{3C157109-A61C-4B79-A866-04C638FE661B}.Release|x86.ActiveCfg = Release|Any CPU
		{3C157109-A61C-4B79-A866-04C638FE661B}.Release|x86.Build.0 = Release|Any CPU
		{4A8CE66A-50FB-4C7E-9C7D-0A1F1B2BFA43}.Debug|Any CPU.ActiveCfg = Debug|Any CPU
		{4A8CE66A-50FB-4C7E-9C7D-0A1F1B2BFA43}.Debug|Any CPU.Build.0 = Debug|Any CPU
		{4A8CE66A-50FB-4C7E-9C7D-0A1F1B2BFA43}.Debug|x64.ActiveCfg = Debug|Any CPU
		{4A8CE66A-50FB-4C7E-9C7D-0A1F1B2BFA43}.Debug|x64.Build.0 = Debug|Any CPU
		{4A8CE66A-50FB-4C7E-9C7D-0A1F1B2BFA43}.Debug|x86.ActiveCfg = Debug|Any CPU
		{4A8CE66A-50FB-4C7E-9C7D-0A1F1B2BFA43}.Debug|x86.Build.0 = Debug|Any CPU
		{4A8CE66A-50FB-4C7E-9C7D-0A1F1B2BFA43}.Release|Any CPU.ActiveCfg = Release|Any CPU
		{4A8CE66A-50FB-4C7E-9C7D-0A1F1B2BFA43}.Release|Any CPU.Build.0 = Release|Any CPU
		{4A8CE66A-50FB-4C7E-9C7D-0A1F1B2BFA43}.Release|x64.ActiveCfg = Release|Any CPU
		{4A8CE66A-50FB-4C7E-9C7D-0A1F1B2BFA43}.Release|x64.Build.0 = Release|Any CPU
		{4A8CE66A-50FB-4C7E-9C7D-0A1F1B2BFA43}.Release|x86.ActiveCfg = Release|Any CPU
		{4A8CE66A-50FB-4C7E-9C7D-0A1F1B2BFA43}.Release|x86.Build.0 = Release|Any CPU
		{51045CD0-9B18-4F45-855E-0CAF435E727B}.Debug|Any CPU.ActiveCfg = Debug|Any CPU
		{51045CD0-9B18-4F45-855E-0CAF435E727B}.Debug|Any CPU.Build.0 = Debug|Any CPU
		{51045CD0-9B18-4F45-855E-0CAF435E727B}.Debug|x64.ActiveCfg = Debug|Any CPU
		{51045CD0-9B18-4F45-855E-0CAF435E727B}.Debug|x64.Build.0 = Debug|Any CPU
		{51045CD0-9B18-4F45-855E-0CAF435E727B}.Debug|x86.ActiveCfg = Debug|Any CPU
		{51045CD0-9B18-4F45-855E-0CAF435E727B}.Debug|x86.Build.0 = Debug|Any CPU
		{51045CD0-9B18-4F45-855E-0CAF435E727B}.Release|Any CPU.ActiveCfg = Release|Any CPU
		{51045CD0-9B18-4F45-855E-0CAF435E727B}.Release|Any CPU.Build.0 = Release|Any CPU
		{51045CD0-9B18-4F45-855E-0CAF435E727B}.Release|x64.ActiveCfg = Release|Any CPU
		{51045CD0-9B18-4F45-855E-0CAF435E727B}.Release|x64.Build.0 = Release|Any CPU
		{51045CD0-9B18-4F45-855E-0CAF435E727B}.Release|x86.ActiveCfg = Release|Any CPU
		{51045CD0-9B18-4F45-855E-0CAF435E727B}.Release|x86.Build.0 = Release|Any CPU
		{94DCF46E-1AC1-4996-A5E5-D5591BA700DC}.Debug|Any CPU.ActiveCfg = Debug|Any CPU
		{94DCF46E-1AC1-4996-A5E5-D5591BA700DC}.Debug|Any CPU.Build.0 = Debug|Any CPU
		{94DCF46E-1AC1-4996-A5E5-D5591BA700DC}.Debug|x64.ActiveCfg = Debug|Any CPU
		{94DCF46E-1AC1-4996-A5E5-D5591BA700DC}.Debug|x64.Build.0 = Debug|Any CPU
		{94DCF46E-1AC1-4996-A5E5-D5591BA700DC}.Debug|x86.ActiveCfg = Debug|Any CPU
		{94DCF46E-1AC1-4996-A5E5-D5591BA700DC}.Debug|x86.Build.0 = Debug|Any CPU
		{94DCF46E-1AC1-4996-A5E5-D5591BA700DC}.Release|Any CPU.ActiveCfg = Release|Any CPU
		{94DCF46E-1AC1-4996-A5E5-D5591BA700DC}.Release|Any CPU.Build.0 = Release|Any CPU
		{94DCF46E-1AC1-4996-A5E5-D5591BA700DC}.Release|x64.ActiveCfg = Release|Any CPU
		{94DCF46E-1AC1-4996-A5E5-D5591BA700DC}.Release|x64.Build.0 = Release|Any CPU
		{94DCF46E-1AC1-4996-A5E5-D5591BA700DC}.Release|x86.ActiveCfg = Release|Any CPU
		{94DCF46E-1AC1-4996-A5E5-D5591BA700DC}.Release|x86.Build.0 = Release|Any CPU
		{C9E802F8-E613-43B1-8F16-0A41400EF2C9}.Debug|Any CPU.ActiveCfg = Debug|Any CPU
		{C9E802F8-E613-43B1-8F16-0A41400EF2C9}.Debug|Any CPU.Build.0 = Debug|Any CPU
		{C9E802F8-E613-43B1-8F16-0A41400EF2C9}.Debug|x64.ActiveCfg = Debug|Any CPU
		{C9E802F8-E613-43B1-8F16-0A41400EF2C9}.Debug|x64.Build.0 = Debug|Any CPU
		{C9E802F8-E613-43B1-8F16-0A41400EF2C9}.Debug|x86.ActiveCfg = Debug|Any CPU
		{C9E802F8-E613-43B1-8F16-0A41400EF2C9}.Debug|x86.Build.0 = Debug|Any CPU
		{C9E802F8-E613-43B1-8F16-0A41400EF2C9}.Release|Any CPU.ActiveCfg = Release|Any CPU
		{C9E802F8-E613-43B1-8F16-0A41400EF2C9}.Release|Any CPU.Build.0 = Release|Any CPU
		{C9E802F8-E613-43B1-8F16-0A41400EF2C9}.Release|x64.ActiveCfg = Release|Any CPU
		{C9E802F8-E613-43B1-8F16-0A41400EF2C9}.Release|x64.Build.0 = Release|Any CPU
		{C9E802F8-E613-43B1-8F16-0A41400EF2C9}.Release|x86.ActiveCfg = Release|Any CPU
		{C9E802F8-E613-43B1-8F16-0A41400EF2C9}.Release|x86.Build.0 = Release|Any CPU
	EndGlobalSection
	GlobalSection(SolutionProperties) = preSolution
		HideSolutionNode = FALSE
	EndGlobalSection
	GlobalSection(ExtensibilityGlobals) = postSolution
		SolutionGuid = {1DB26C21-19D9-4381-B2AD-2D16C49B8C8B}
	EndGlobalSection
EndGlobal
